
Microsoft Visual Studio Solution File, Format Version 12.00
# Visual Studio 2013
VisualStudioVersion = 12.0.30723.0
MinimumVisualStudioVersion = 10.0.40219.1
Project("{8BC9CEB8-8B4A-11D0-8D11-00A0C91BC942}") = "Find_Minimum_in_Rotated_Sorted_Array", "Find_Minimum_in_Rotated_Sorted_Array\Find_Minimum_in_Rotated_Sorted_Array.vcxproj", "{6BD16B9F-3AA7-4A70-ADD3-A832F05F51D2}"
EndProject
Project("{8BC9CEB8-8B4A-11D0-8D11-00A0C91BC942}") = "Find_Minimum_in_Rotated_Sorted_Array_II", "Find_Minimum_in_Rotated_Sorted_Array_II\Find_Minimum_in_Rotated_Sorted_Array_II.vcxproj", "{5A7D764E-2338-4978-B415-EEE4820C91C7}"
EndProject
Project("{8BC9CEB8-8B4A-11D0-8D11-00A0C91BC942}") = "Maximum_Product_Subarray", "Maximum_Product_Subarray\Maximum_Product_Subarray.vcxproj", "{089D6EB1-410E-44DB-B709-E682D4C3BE59}"
EndProject
Project("{8BC9CEB8-8B4A-11D0-8D11-00A0C91BC942}") = "Reverse_Words_in_a_String", "Reverse_Words_in_a_String\Reverse_Words_in_a_String.vcxproj", "{194CE362-C194-479F-8DF9-6B49253FFEBA}"
EndProject
Project("{8BC9CEB8-8B4A-11D0-8D11-00A0C91BC942}") = "Evaluate_Reverse_Polish_Notation", "Evaluate_Reverse_Polish_Notation\Evaluate_Reverse_Polish_Notation.vcxproj", "{2BFB085D-5558-4336-A8D9-87D303DADB96}"
EndProject
Project("{8BC9CEB8-8B4A-11D0-8D11-00A0C91BC942}") = "Max_Points_on_a_Line", "Max_Points_on_a_Line\Max_Points_on_a_Line.vcxproj", "{226C543B-33CC-46E9-8D0A-FEF3378ED1B7}"
EndProject
Project("{8BC9CEB8-8B4A-11D0-8D11-00A0C91BC942}") = "Sort_List", "Sort_List\Sort_List.vcxproj", "{00933703-33A6-43F7-B69C-B51E23EB2C26}"
EndProject
Project("{8BC9CEB8-8B4A-11D0-8D11-00A0C91BC942}") = "Insertion_Sort_List", "Insertion_Sort_List\Insertion_Sort_List.vcxproj", "{74257682-1F41-4ACC-959A-E268CA3FA558}"
EndProject
Project("{8BC9CEB8-8B4A-11D0-8D11-00A0C91BC942}") = "Binary_Tree_Postorder_Traversal", "Binary_Tree_Postorder_Traversal\Binary_Tree_Postorder_Traversal.vcxproj", "{58E2B5E3-8FF3-434C-9D70-1D9937372470}"
EndProject
Project("{8BC9CEB8-8B4A-11D0-8D11-00A0C91BC942}") = "Binary_Tree_Preorder_Traversal", "Binary_Tree_Preorder_Traversal\Binary_Tree_Preorder_Traversal.vcxproj", "{82832CFE-26C4-4C6D-BAB6-9051EC3BA11E}"
EndProject
Project("{8BC9CEB8-8B4A-11D0-8D11-00A0C91BC942}") = "Reorder_List", "Reorder_List\Reorder_List.vcxproj", "{5399E2FB-01B8-4561-AA76-E6CFB549DCC4}"
EndProject
Project("{8BC9CEB8-8B4A-11D0-8D11-00A0C91BC942}") = "Linked_List_Cycle_II", "Linked_List_Cycle_II\Linked_List_Cycle_II.vcxproj", "{10F64F47-DBF2-4C19-916C-48FF037727EC}"
EndProject
Project("{8BC9CEB8-8B4A-11D0-8D11-00A0C91BC942}") = "Word_Break_II", "Word_Break_II\Word_Break_II.vcxproj", "{5BB7B8E1-13F9-4E56-8E87-09FE75264729}"
EndProject
Project("{8BC9CEB8-8B4A-11D0-8D11-00A0C91BC942}") = "Word_Break", "Word_Break\Word_Break.vcxproj", "{546ECA68-E6D6-4670-803B-9F570273E10C}"
EndProject
Project("{8BC9CEB8-8B4A-11D0-8D11-00A0C91BC942}") = "Copy_List_with_Random_Pointer", "Copy_List_with_Random_Pointer\Copy_List_with_Random_Pointer.vcxproj", "{23D89F43-01E7-4BBE-8266-8E86FF3D5B49}"
EndProject
Project("{8BC9CEB8-8B4A-11D0-8D11-00A0C91BC942}") = "Single_Number", "Single_Number\Single_Number.vcxproj", "{87A581DD-A25A-4AE7-BC22-8F774DC9075C}"
EndProject
Project("{8BC9CEB8-8B4A-11D0-8D11-00A0C91BC942}") = "Single_Number_II", "Single_Number_II\Single_Number_II.vcxproj", "{82BD0504-F6C7-4129-AE1A-4F4027C48132}"
EndProject
Project("{8BC9CEB8-8B4A-11D0-8D11-00A0C91BC942}") = "Candy", "Candy\Candy.vcxproj", "{BD6F815F-D0D5-4105-8004-BD6DBCC15C5D}"
EndProject
Project("{8BC9CEB8-8B4A-11D0-8D11-00A0C91BC942}") = "Gas_Station", "Gas_Station\Gas_Station.vcxproj", "{3231C721-ECBE-4706-90C5-988940142C27}"
EndProject
Project("{8BC9CEB8-8B4A-11D0-8D11-00A0C91BC942}") = "Clone_Graph", "Clone_Graph\Clone_Graph.vcxproj", "{D3A64DFD-9682-4FE0-ABB8-33DFA1BCDC6A}"
EndProject
Project("{8BC9CEB8-8B4A-11D0-8D11-00A0C91BC942}") = "Palindrome_Partitioning_II", "Palindrome_Partitioning_II\Palindrome_Partitioning_II.vcxproj", "{B637129D-51C7-4907-A9ED-318DEEA57000}"
EndProject
Project("{8BC9CEB8-8B4A-11D0-8D11-00A0C91BC942}") = "Palindrome_Partitioning", "Palindrome_Partitioning\Palindrome_Partitioning.vcxproj", "{2ACC5652-9FE2-4435-B52D-6583B1F8E2D7}"
EndProject
Project("{8BC9CEB8-8B4A-11D0-8D11-00A0C91BC942}") = "Surrounded_Regions", "Surrounded_Regions\Surrounded_Regions.vcxproj", "{11758390-013B-431C-BF5D-C3602A8F928F}"
EndProject
Project("{8BC9CEB8-8B4A-11D0-8D11-00A0C91BC942}") = "Sum_Root_to_Leaf_Numbers", "Sum_Root_to_Leaf_Numbers\Sum_Root_to_Leaf_Numbers.vcxproj", "{071FC859-C559-43A5-A815-E9DAF16DC905}"
EndProject
Project("{8BC9CEB8-8B4A-11D0-8D11-00A0C91BC942}") = "Valid_Palindrome", "Valid_Palindrome\Valid_Palindrome.vcxproj", "{56EA7F45-ED79-4D8B-983F-C2B3E79DCE67}"
EndProject
Project("{8BC9CEB8-8B4A-11D0-8D11-00A0C91BC942}") = "Binary_Tree_Maximum_Path_Sum", "Binary_Tree_Maximum_Path_Sum\Binary_Tree_Maximum_Path_Sum.vcxproj", "{F7007CCC-392E-46CB-A4FB-E872CDAA74A7}"
EndProject
Project("{8BC9CEB8-8B4A-11D0-8D11-00A0C91BC942}") = "Best_Time_to_Buy_and_Sell_Stock", "Best_Time_to_Buy_and_Sell_Stock\Best_Time_to_Buy_and_Sell_Stock.vcxproj", "{D208CB10-37F9-401A-9D74-217244581948}"
EndProject
Global
	GlobalSection(SolutionConfigurationPlatforms) = preSolution
		Debug|Win32 = Debug|Win32
		Release|Win32 = Release|Win32
	EndGlobalSection
	GlobalSection(ProjectConfigurationPlatforms) = postSolution
		{6BD16B9F-3AA7-4A70-ADD3-A832F05F51D2}.Debug|Win32.ActiveCfg = Debug|Win32
		{6BD16B9F-3AA7-4A70-ADD3-A832F05F51D2}.Debug|Win32.Build.0 = Debug|Win32
		{6BD16B9F-3AA7-4A70-ADD3-A832F05F51D2}.Release|Win32.ActiveCfg = Release|Win32
		{6BD16B9F-3AA7-4A70-ADD3-A832F05F51D2}.Release|Win32.Build.0 = Release|Win32
		{5A7D764E-2338-4978-B415-EEE4820C91C7}.Debug|Win32.ActiveCfg = Debug|Win32
		{5A7D764E-2338-4978-B415-EEE4820C91C7}.Debug|Win32.Build.0 = Debug|Win32
		{5A7D764E-2338-4978-B415-EEE4820C91C7}.Release|Win32.ActiveCfg = Release|Win32
		{5A7D764E-2338-4978-B415-EEE4820C91C7}.Release|Win32.Build.0 = Release|Win32
		{089D6EB1-410E-44DB-B709-E682D4C3BE59}.Debug|Win32.ActiveCfg = Debug|Win32
		{089D6EB1-410E-44DB-B709-E682D4C3BE59}.Debug|Win32.Build.0 = Debug|Win32
		{089D6EB1-410E-44DB-B709-E682D4C3BE59}.Release|Win32.ActiveCfg = Release|Win32
		{089D6EB1-410E-44DB-B709-E682D4C3BE59}.Release|Win32.Build.0 = Release|Win32
		{194CE362-C194-479F-8DF9-6B49253FFEBA}.Debug|Win32.ActiveCfg = Debug|Win32
		{194CE362-C194-479F-8DF9-6B49253FFEBA}.Debug|Win32.Build.0 = Debug|Win32
		{194CE362-C194-479F-8DF9-6B49253FFEBA}.Release|Win32.ActiveCfg = Release|Win32
		{194CE362-C194-479F-8DF9-6B49253FFEBA}.Release|Win32.Build.0 = Release|Win32
		{2BFB085D-5558-4336-A8D9-87D303DADB96}.Debug|Win32.ActiveCfg = Debug|Win32
		{2BFB085D-5558-4336-A8D9-87D303DADB96}.Debug|Win32.Build.0 = Debug|Win32
		{2BFB085D-5558-4336-A8D9-87D303DADB96}.Release|Win32.ActiveCfg = Release|Win32
		{2BFB085D-5558-4336-A8D9-87D303DADB96}.Release|Win32.Build.0 = Release|Win32
		{226C543B-33CC-46E9-8D0A-FEF3378ED1B7}.Debug|Win32.ActiveCfg = Debug|Win32
		{226C543B-33CC-46E9-8D0A-FEF3378ED1B7}.Debug|Win32.Build.0 = Debug|Win32
		{226C543B-33CC-46E9-8D0A-FEF3378ED1B7}.Release|Win32.ActiveCfg = Release|Win32
		{226C543B-33CC-46E9-8D0A-FEF3378ED1B7}.Release|Win32.Build.0 = Release|Win32
		{00933703-33A6-43F7-B69C-B51E23EB2C26}.Debug|Win32.ActiveCfg = Debug|Win32
		{00933703-33A6-43F7-B69C-B51E23EB2C26}.Debug|Win32.Build.0 = Debug|Win32
		{00933703-33A6-43F7-B69C-B51E23EB2C26}.Release|Win32.ActiveCfg = Release|Win32
		{00933703-33A6-43F7-B69C-B51E23EB2C26}.Release|Win32.Build.0 = Release|Win32
		{74257682-1F41-4ACC-959A-E268CA3FA558}.Debug|Win32.ActiveCfg = Debug|Win32
		{74257682-1F41-4ACC-959A-E268CA3FA558}.Debug|Win32.Build.0 = Debug|Win32
		{74257682-1F41-4ACC-959A-E268CA3FA558}.Release|Win32.ActiveCfg = Release|Win32
		{74257682-1F41-4ACC-959A-E268CA3FA558}.Release|Win32.Build.0 = Release|Win32
		{58E2B5E3-8FF3-434C-9D70-1D9937372470}.Debug|Win32.ActiveCfg = Debug|Win32
		{58E2B5E3-8FF3-434C-9D70-1D9937372470}.Debug|Win32.Build.0 = Debug|Win32
		{58E2B5E3-8FF3-434C-9D70-1D9937372470}.Release|Win32.ActiveCfg = Release|Win32
		{58E2B5E3-8FF3-434C-9D70-1D9937372470}.Release|Win32.Build.0 = Release|Win32
		{82832CFE-26C4-4C6D-BAB6-9051EC3BA11E}.Debug|Win32.ActiveCfg = Debug|Win32
		{82832CFE-26C4-4C6D-BAB6-9051EC3BA11E}.Debug|Win32.Build.0 = Debug|Win32
		{82832CFE-26C4-4C6D-BAB6-9051EC3BA11E}.Release|Win32.ActiveCfg = Release|Win32
		{82832CFE-26C4-4C6D-BAB6-9051EC3BA11E}.Release|Win32.Build.0 = Release|Win32
		{5399E2FB-01B8-4561-AA76-E6CFB549DCC4}.Debug|Win32.ActiveCfg = Debug|Win32
		{5399E2FB-01B8-4561-AA76-E6CFB549DCC4}.Debug|Win32.Build.0 = Debug|Win32
		{5399E2FB-01B8-4561-AA76-E6CFB549DCC4}.Release|Win32.ActiveCfg = Release|Win32
		{5399E2FB-01B8-4561-AA76-E6CFB549DCC4}.Release|Win32.Build.0 = Release|Win32
		{10F64F47-DBF2-4C19-916C-48FF037727EC}.Debug|Win32.ActiveCfg = Debug|Win32
		{10F64F47-DBF2-4C19-916C-48FF037727EC}.Debug|Win32.Build.0 = Debug|Win32
		{10F64F47-DBF2-4C19-916C-48FF037727EC}.Release|Win32.ActiveCfg = Release|Win32
		{10F64F47-DBF2-4C19-916C-48FF037727EC}.Release|Win32.Build.0 = Release|Win32
		{5BB7B8E1-13F9-4E56-8E87-09FE75264729}.Debug|Win32.ActiveCfg = Debug|Win32
		{5BB7B8E1-13F9-4E56-8E87-09FE75264729}.Debug|Win32.Build.0 = Debug|Win32
		{5BB7B8E1-13F9-4E56-8E87-09FE75264729}.Release|Win32.ActiveCfg = Release|Win32
		{5BB7B8E1-13F9-4E56-8E87-09FE75264729}.Release|Win32.Build.0 = Release|Win32
		{546ECA68-E6D6-4670-803B-9F570273E10C}.Debug|Win32.ActiveCfg = Debug|Win32
		{546ECA68-E6D6-4670-803B-9F570273E10C}.Debug|Win32.Build.0 = Debug|Win32
		{546ECA68-E6D6-4670-803B-9F570273E10C}.Release|Win32.ActiveCfg = Release|Win32
		{546ECA68-E6D6-4670-803B-9F570273E10C}.Release|Win32.Build.0 = Release|Win32
		{23D89F43-01E7-4BBE-8266-8E86FF3D5B49}.Debug|Win32.ActiveCfg = Debug|Win32
		{23D89F43-01E7-4BBE-8266-8E86FF3D5B49}.Debug|Win32.Build.0 = Debug|Win32
		{23D89F43-01E7-4BBE-8266-8E86FF3D5B49}.Release|Win32.ActiveCfg = Release|Win32
		{23D89F43-01E7-4BBE-8266-8E86FF3D5B49}.Release|Win32.Build.0 = Release|Win32
		{87A581DD-A25A-4AE7-BC22-8F774DC9075C}.Debug|Win32.ActiveCfg = Debug|Win32
		{87A581DD-A25A-4AE7-BC22-8F774DC9075C}.Debug|Win32.Build.0 = Debug|Win32
		{87A581DD-A25A-4AE7-BC22-8F774DC9075C}.Release|Win32.ActiveCfg = Release|Win32
		{87A581DD-A25A-4AE7-BC22-8F774DC9075C}.Release|Win32.Build.0 = Release|Win32
		{82BD0504-F6C7-4129-AE1A-4F4027C48132}.Debug|Win32.ActiveCfg = Debug|Win32
		{82BD0504-F6C7-4129-AE1A-4F4027C48132}.Debug|Win32.Build.0 = Debug|Win32
		{82BD0504-F6C7-4129-AE1A-4F4027C48132}.Release|Win32.ActiveCfg = Release|Win32
		{82BD0504-F6C7-4129-AE1A-4F4027C48132}.Release|Win32.Build.0 = Release|Win32
		{BD6F815F-D0D5-4105-8004-BD6DBCC15C5D}.Debug|Win32.ActiveCfg = Debug|Win32
		{BD6F815F-D0D5-4105-8004-BD6DBCC15C5D}.Debug|Win32.Build.0 = Debug|Win32
		{BD6F815F-D0D5-4105-8004-BD6DBCC15C5D}.Release|Win32.ActiveCfg = Release|Win32
		{BD6F815F-D0D5-4105-8004-BD6DBCC15C5D}.Release|Win32.Build.0 = Release|Win32
		{3231C721-ECBE-4706-90C5-988940142C27}.Debug|Win32.ActiveCfg = Debug|Win32
		{3231C721-ECBE-4706-90C5-988940142C27}.Debug|Win32.Build.0 = Debug|Win32
		{3231C721-ECBE-4706-90C5-988940142C27}.Release|Win32.ActiveCfg = Release|Win32
		{3231C721-ECBE-4706-90C5-988940142C27}.Release|Win32.Build.0 = Release|Win32
		{D3A64DFD-9682-4FE0-ABB8-33DFA1BCDC6A}.Debug|Win32.ActiveCfg = Debug|Win32
		{D3A64DFD-9682-4FE0-ABB8-33DFA1BCDC6A}.Debug|Win32.Build.0 = Debug|Win32
		{D3A64DFD-9682-4FE0-ABB8-33DFA1BCDC6A}.Release|Win32.ActiveCfg = Release|Win32
		{D3A64DFD-9682-4FE0-ABB8-33DFA1BCDC6A}.Release|Win32.Build.0 = Release|Win32
		{B637129D-51C7-4907-A9ED-318DEEA57000}.Debug|Win32.ActiveCfg = Debug|Win32
		{B637129D-51C7-4907-A9ED-318DEEA57000}.Debug|Win32.Build.0 = Debug|Win32
		{B637129D-51C7-4907-A9ED-318DEEA57000}.Release|Win32.ActiveCfg = Release|Win32
		{B637129D-51C7-4907-A9ED-318DEEA57000}.Release|Win32.Build.0 = Release|Win32
		{2ACC5652-9FE2-4435-B52D-6583B1F8E2D7}.Debug|Win32.ActiveCfg = Debug|Win32
		{2ACC5652-9FE2-4435-B52D-6583B1F8E2D7}.Debug|Win32.Build.0 = Debug|Win32
		{2ACC5652-9FE2-4435-B52D-6583B1F8E2D7}.Release|Win32.ActiveCfg = Release|Win32
		{2ACC5652-9FE2-4435-B52D-6583B1F8E2D7}.Release|Win32.Build.0 = Release|Win32
		{11758390-013B-431C-BF5D-C3602A8F928F}.Debug|Win32.ActiveCfg = Debug|Win32
		{11758390-013B-431C-BF5D-C3602A8F928F}.Debug|Win32.Build.0 = Debug|Win32
		{11758390-013B-431C-BF5D-C3602A8F928F}.Release|Win32.ActiveCfg = Release|Win32
		{11758390-013B-431C-BF5D-C3602A8F928F}.Release|Win32.Build.0 = Release|Win32
		{071FC859-C559-43A5-A815-E9DAF16DC905}.Debug|Win32.ActiveCfg = Debug|Win32
		{071FC859-C559-43A5-A815-E9DAF16DC905}.Debug|Win32.Build.0 = Debug|Win32
		{071FC859-C559-43A5-A815-E9DAF16DC905}.Release|Win32.ActiveCfg = Release|Win32
		{071FC859-C559-43A5-A815-E9DAF16DC905}.Release|Win32.Build.0 = Release|Win32
		{56EA7F45-ED79-4D8B-983F-C2B3E79DCE67}.Debug|Win32.ActiveCfg = Debug|Win32
		{56EA7F45-ED79-4D8B-983F-C2B3E79DCE67}.Debug|Win32.Build.0 = Debug|Win32
		{56EA7F45-ED79-4D8B-983F-C2B3E79DCE67}.Release|Win32.ActiveCfg = Release|Win32
		{56EA7F45-ED79-4D8B-983F-C2B3E79DCE67}.Release|Win32.Build.0 = Release|Win32
		{F7007CCC-392E-46CB-A4FB-E872CDAA74A7}.Debug|Win32.ActiveCfg = Debug|Win32
		{F7007CCC-392E-46CB-A4FB-E872CDAA74A7}.Debug|Win32.Build.0 = Debug|Win32
		{F7007CCC-392E-46CB-A4FB-E872CDAA74A7}.Release|Win32.ActiveCfg = Release|Win32
		{F7007CCC-392E-46CB-A4FB-E872CDAA74A7}.Release|Win32.Build.0 = Release|Win32
		{D208CB10-37F9-401A-9D74-217244581948}.Debug|Win32.ActiveCfg = Debug|Win32
		{D208CB10-37F9-401A-9D74-217244581948}.Debug|Win32.Build.0 = Debug|Win32
		{D208CB10-37F9-401A-9D74-217244581948}.Release|Win32.ActiveCfg = Release|Win32
		{D208CB10-37F9-401A-9D74-217244581948}.Release|Win32.Build.0 = Release|Win32
	EndGlobalSection
	GlobalSection(SolutionProperties) = preSolution
		HideSolutionNode = FALSE
	EndGlobalSection
EndGlobal
