
Microsoft Visual Studio Solution File, Format Version 12.00
# Visual Studio 2013
VisualStudioVersion = 12.0.31101.0
MinimumVisualStudioVersion = 10.0.40219.1
Project("{8BC9CEB8-8B4A-11D0-8D11-00A0C91BC942}") = "Find_Minimum_in_Rotated_Sorted_Array", "Find_Minimum_in_Rotated_Sorted_Array\Find_Minimum_in_Rotated_Sorted_Array.vcxproj", "{6BD16B9F-3AA7-4A70-ADD3-A832F05F51D2}"
EndProject
Project("{8BC9CEB8-8B4A-11D0-8D11-00A0C91BC942}") = "Find_Minimum_in_Rotated_Sorted_Array_II", "Find_Minimum_in_Rotated_Sorted_Array_II\Find_Minimum_in_Rotated_Sorted_Array_II.vcxproj", "{5A7D764E-2338-4978-B415-EEE4820C91C7}"
EndProject
Project("{8BC9CEB8-8B4A-11D0-8D11-00A0C91BC942}") = "Maximum_Product_Subarray", "Maximum_Product_Subarray\Maximum_Product_Subarray.vcxproj", "{089D6EB1-410E-44DB-B709-E682D4C3BE59}"
EndProject
Project("{8BC9CEB8-8B4A-11D0-8D11-00A0C91BC942}") = "Reverse_Words_in_a_String", "Reverse_Words_in_a_String\Reverse_Words_in_a_String.vcxproj", "{194CE362-C194-479F-8DF9-6B49253FFEBA}"
EndProject
Project("{8BC9CEB8-8B4A-11D0-8D11-00A0C91BC942}") = "Evaluate_Reverse_Polish_Notation", "Evaluate_Reverse_Polish_Notation\Evaluate_Reverse_Polish_Notation.vcxproj", "{2BFB085D-5558-4336-A8D9-87D303DADB96}"
EndProject
Project("{8BC9CEB8-8B4A-11D0-8D11-00A0C91BC942}") = "Max_Points_on_a_Line", "Max_Points_on_a_Line\Max_Points_on_a_Line.vcxproj", "{226C543B-33CC-46E9-8D0A-FEF3378ED1B7}"
EndProject
Project("{8BC9CEB8-8B4A-11D0-8D11-00A0C91BC942}") = "Sort_List", "Sort_List\Sort_List.vcxproj", "{00933703-33A6-43F7-B69C-B51E23EB2C26}"
EndProject
Project("{8BC9CEB8-8B4A-11D0-8D11-00A0C91BC942}") = "Insertion_Sort_List", "Insertion_Sort_List\Insertion_Sort_List.vcxproj", "{74257682-1F41-4ACC-959A-E268CA3FA558}"
EndProject
Project("{8BC9CEB8-8B4A-11D0-8D11-00A0C91BC942}") = "Binary_Tree_Postorder_Traversal", "Binary_Tree_Postorder_Traversal\Binary_Tree_Postorder_Traversal.vcxproj", "{58E2B5E3-8FF3-434C-9D70-1D9937372470}"
EndProject
Project("{8BC9CEB8-8B4A-11D0-8D11-00A0C91BC942}") = "Binary_Tree_Preorder_Traversal", "Binary_Tree_Preorder_Traversal\Binary_Tree_Preorder_Traversal.vcxproj", "{82832CFE-26C4-4C6D-BAB6-9051EC3BA11E}"
EndProject
Project("{8BC9CEB8-8B4A-11D0-8D11-00A0C91BC942}") = "Reorder_List", "Reorder_List\Reorder_List.vcxproj", "{5399E2FB-01B8-4561-AA76-E6CFB549DCC4}"
EndProject
Project("{8BC9CEB8-8B4A-11D0-8D11-00A0C91BC942}") = "Linked_List_Cycle_II", "Linked_List_Cycle_II\Linked_List_Cycle_II.vcxproj", "{10F64F47-DBF2-4C19-916C-48FF037727EC}"
EndProject
Project("{8BC9CEB8-8B4A-11D0-8D11-00A0C91BC942}") = "Word_Break_II", "Word_Break_II\Word_Break_II.vcxproj", "{5BB7B8E1-13F9-4E56-8E87-09FE75264729}"
EndProject
Project("{8BC9CEB8-8B4A-11D0-8D11-00A0C91BC942}") = "Word_Break", "Word_Break\Word_Break.vcxproj", "{546ECA68-E6D6-4670-803B-9F570273E10C}"
EndProject
Project("{8BC9CEB8-8B4A-11D0-8D11-00A0C91BC942}") = "Copy_List_with_Random_Pointer", "Copy_List_with_Random_Pointer\Copy_List_with_Random_Pointer.vcxproj", "{23D89F43-01E7-4BBE-8266-8E86FF3D5B49}"
EndProject
Project("{8BC9CEB8-8B4A-11D0-8D11-00A0C91BC942}") = "Single_Number", "Single_Number\Single_Number.vcxproj", "{87A581DD-A25A-4AE7-BC22-8F774DC9075C}"
EndProject
Project("{8BC9CEB8-8B4A-11D0-8D11-00A0C91BC942}") = "Single_Number_II", "Single_Number_II\Single_Number_II.vcxproj", "{82BD0504-F6C7-4129-AE1A-4F4027C48132}"
EndProject
Project("{8BC9CEB8-8B4A-11D0-8D11-00A0C91BC942}") = "Candy", "Candy\Candy.vcxproj", "{BD6F815F-D0D5-4105-8004-BD6DBCC15C5D}"
EndProject
Project("{8BC9CEB8-8B4A-11D0-8D11-00A0C91BC942}") = "Gas_Station", "Gas_Station\Gas_Station.vcxproj", "{3231C721-ECBE-4706-90C5-988940142C27}"
EndProject
Project("{8BC9CEB8-8B4A-11D0-8D11-00A0C91BC942}") = "Clone_Graph", "Clone_Graph\Clone_Graph.vcxproj", "{D3A64DFD-9682-4FE0-ABB8-33DFA1BCDC6A}"
EndProject
Project("{8BC9CEB8-8B4A-11D0-8D11-00A0C91BC942}") = "Palindrome_Partitioning_II", "Palindrome_Partitioning_II\Palindrome_Partitioning_II.vcxproj", "{B637129D-51C7-4907-A9ED-318DEEA57000}"
EndProject
Project("{8BC9CEB8-8B4A-11D0-8D11-00A0C91BC942}") = "Palindrome_Partitioning", "Palindrome_Partitioning\Palindrome_Partitioning.vcxproj", "{2ACC5652-9FE2-4435-B52D-6583B1F8E2D7}"
EndProject
Project("{8BC9CEB8-8B4A-11D0-8D11-00A0C91BC942}") = "Surrounded_Regions", "Surrounded_Regions\Surrounded_Regions.vcxproj", "{11758390-013B-431C-BF5D-C3602A8F928F}"
EndProject
Project("{8BC9CEB8-8B4A-11D0-8D11-00A0C91BC942}") = "Sum_Root_to_Leaf_Numbers", "Sum_Root_to_Leaf_Numbers\Sum_Root_to_Leaf_Numbers.vcxproj", "{071FC859-C559-43A5-A815-E9DAF16DC905}"
EndProject
Project("{8BC9CEB8-8B4A-11D0-8D11-00A0C91BC942}") = "Valid_Palindrome", "Valid_Palindrome\Valid_Palindrome.vcxproj", "{56EA7F45-ED79-4D8B-983F-C2B3E79DCE67}"
EndProject
Project("{8BC9CEB8-8B4A-11D0-8D11-00A0C91BC942}") = "Binary_Tree_Maximum_Path_Sum", "Binary_Tree_Maximum_Path_Sum\Binary_Tree_Maximum_Path_Sum.vcxproj", "{F7007CCC-392E-46CB-A4FB-E872CDAA74A7}"
EndProject
Project("{8BC9CEB8-8B4A-11D0-8D11-00A0C91BC942}") = "Best_Time_to_Buy_and_Sell_Stock", "Best_Time_to_Buy_and_Sell_Stock\Best_Time_to_Buy_and_Sell_Stock.vcxproj", "{D208CB10-37F9-401A-9D74-217244581948}"
EndProject
Project("{8BC9CEB8-8B4A-11D0-8D11-00A0C91BC942}") = "Best_Time_to_buy_and_Sell_Stock_II", "Best_Time_to_buy_and_Sell_Stock_II\Best_Time_to_buy_and_Sell_Stock_II.vcxproj", "{ABE8A17F-7559-43A1-974F-061F53AE26E0}"
EndProject
Project("{8BC9CEB8-8B4A-11D0-8D11-00A0C91BC942}") = "Best_Time_to_Buy_and_Sell_Stock_III", "Best_Time_to_Buy_and_Sell_Stock_III\Best_Time_to_Buy_and_Sell_Stock_III.vcxproj", "{30664F37-5949-4BAC-89B8-9B70CAD790A2}"
EndProject
Project("{8BC9CEB8-8B4A-11D0-8D11-00A0C91BC942}") = "Word_Ladder", "Word_Ladder\Word_Ladder.vcxproj", "{BC8A9434-93E5-4D6D-8C36-C8A2B79F3C02}"
EndProject
Project("{8BC9CEB8-8B4A-11D0-8D11-00A0C91BC942}") = "Word_Ladder_II", "Word_Ladder_II\Word_Ladder_II.vcxproj", "{C9C01CC7-134F-42F9-B017-87FD3D486CDC}"
EndProject
Project("{8BC9CEB8-8B4A-11D0-8D11-00A0C91BC942}") = "Triangle", "Triangle\Triangle.vcxproj", "{4739FEC3-2FA8-4A4E-9F45-7A982F1EC879}"
EndProject
Project("{8BC9CEB8-8B4A-11D0-8D11-00A0C91BC942}") = "Longest_Consecutive_Sequence", "Longest_Consecutive_Sequence\Longest_Consecutive_Sequence.vcxproj", "{E580AE2F-D00A-49C0-AB3F-15475E43F05D}"
EndProject
Project("{8BC9CEB8-8B4A-11D0-8D11-00A0C91BC942}") = "Path_Sum", "Path_Sum\Path_Sum.vcxproj", "{6934BC4C-2048-4635-A132-ECD5329117B7}"
EndProject
Project("{8BC9CEB8-8B4A-11D0-8D11-00A0C91BC942}") = "Path_Sum_II", "Path_Sum_II\Path_Sum_II.vcxproj", "{678CA050-298E-4A5F-807F-6C132669F279}"
EndProject
Project("{8BC9CEB8-8B4A-11D0-8D11-00A0C91BC942}") = "Populating_Next_Right_Pointers_in_Each_Node_II", "Populating_Next_Right_Pointers_in_Each_Node_II\Populating_Next_Right_Pointers_in_Each_Node_II.vcxproj", "{69FFCCCB-6DC3-4836-8107-3D51C6C17A69}"
EndProject
Project("{8BC9CEB8-8B4A-11D0-8D11-00A0C91BC942}") = "Flatten_Binary_Tree_to_Linked_List", "Flatten_Binary_Tree_to_Linked_List\Flatten_Binary_Tree_to_Linked_List.vcxproj", "{F318829A-CCFF-4757-AAEE-B8C7D705E94D}"
EndProject
Project("{8BC9CEB8-8B4A-11D0-8D11-00A0C91BC942}") = "Pascal's_Triangle_II", "Pascal's_Triangle_II\Pascal's_Triangle_II.vcxproj", "{2332D3C7-AC0C-42EC-9A0F-D16E91ED2EAB}"
EndProject
Project("{8BC9CEB8-8B4A-11D0-8D11-00A0C91BC942}") = "Pascal's_Triangle", "Pascal's_Triangle\Pascal's_Triangle.vcxproj", "{7356D10E-31D9-4F3C-BDAE-41071BC4A910}"
EndProject
Project("{8BC9CEB8-8B4A-11D0-8D11-00A0C91BC942}") = "Convert_Sorted_Array_to_Binary_Search_Tree", "Convert_Sorted_Array_to_Binary_Search_Tree\Convert_Sorted_Array_to_Binary_Search_Tree.vcxproj", "{F820DD33-4015-46A5-A0A8-EFF75DF842FC}"
EndProject
Project("{8BC9CEB8-8B4A-11D0-8D11-00A0C91BC942}") = "Minimum_Depth_of_Binary_Tree", "Minimum_Depth_of_Binary_Tree\Minimum_Depth_of_Binary_Tree.vcxproj", "{E8F79765-0D23-4780-8F96-D77A8B788C30}"
EndProject
Project("{8BC9CEB8-8B4A-11D0-8D11-00A0C91BC942}") = "Balanced_Binary_Tree", "Balanced_Binary_Tree\Balanced_Binary_Tree.vcxproj", "{EAC6FEA4-FBBF-42DD-B05B-E8BA02D50DA0}"
EndProject
Project("{8BC9CEB8-8B4A-11D0-8D11-00A0C91BC942}") = "Distinct_Subsequences", "Distinct_Subsequences\Distinct_Subsequences.vcxproj", "{0B8D76A1-8582-42DC-865A-2CAAE07E2744}"
EndProject
Project("{8BC9CEB8-8B4A-11D0-8D11-00A0C91BC942}") = "Binary_Tree_Level_Order_Traversal", "Binary_Tree_Level_Order_Traversal\Binary_Tree_Level_Order_Traversal.vcxproj", "{0C0DA99A-E06F-4272-9B08-C3CDE08B6C86}"
EndProject
Project("{8BC9CEB8-8B4A-11D0-8D11-00A0C91BC942}") = "Binary_Tree_Level_Order_Traversal_II", "Binary_Tree_Level_Order_Traversal_II\Binary_Tree_Level_Order_Traversal_II.vcxproj", "{C4BCD823-F4E9-498B-8443-6577A97540E8}"
EndProject
Project("{8BC9CEB8-8B4A-11D0-8D11-00A0C91BC942}") = "Maximum_Depth_of_Binary_Tree", "Maximum_Depth_of_Binary_Tree\Maximum_Depth_of_Binary_Tree.vcxproj", "{C0D52864-F5F0-4CA4-8C7A-03BBB6EE7951}"
EndProject
Project("{8BC9CEB8-8B4A-11D0-8D11-00A0C91BC942}") = "Binary_Tree_Zigzag_Level_Order_Traversal", "Binary_Tree_Zigzag_Level_Order_Traversal\Binary_Tree_Zigzag_Level_Order_Traversal.vcxproj", "{75D4C9BC-E3BD-42E1-BCCC-2F2324B8A3AF}"
EndProject
Project("{8BC9CEB8-8B4A-11D0-8D11-00A0C91BC942}") = "Convert_Sorted_List_to_Binary_Search_Tree", "Convert_Sorted_List_to_Binary_Search_Tree\Convert_Sorted_List_to_Binary_Search_Tree.vcxproj", "{621E791C-F37E-4679-B54C-DCC0B69600D9}"
EndProject
Project("{8BC9CEB8-8B4A-11D0-8D11-00A0C91BC942}") = "Construct_Binary_Tree_from_Inorder_and_Postorder_Traversal", "Construct_Binary_Tree_from_Inorder_and_Postorder_Traversal\Construct_Binary_Tree_from_Inorder_and_Postorder_Traversal.vcxproj", "{AB9C05C7-891E-4F34-BF80-4C8BF5CBB192}"
EndProject
Project("{8BC9CEB8-8B4A-11D0-8D11-00A0C91BC942}") = "Construct_Binary_Tree_from_Preorder_and_Inorder_Traversal", "Construct_Binary_Tree_from_Preorder_and_Inorder_Traversal\Construct_Binary_Tree_from_Preorder_and_Inorder_Traversal.vcxproj", "{837014AA-66E9-4E4C-A7B7-FC2EAF86AEE3}"
EndProject
Project("{8BC9CEB8-8B4A-11D0-8D11-00A0C91BC942}") = "Recover_Binary_Search_Tree", "Recover_Binary_Search_Tree\Recover_Binary_Search_Tree.vcxproj", "{9395D311-5D17-4E08-B92C-9B2C42CC1CC4}"
EndProject
Project("{8BC9CEB8-8B4A-11D0-8D11-00A0C91BC942}") = "Symmetric_Tree", "Symmetric_Tree\Symmetric_Tree.vcxproj", "{6D13B4DB-FB7D-4227-AB41-1B20DA0179B3}"
EndProject
Project("{8BC9CEB8-8B4A-11D0-8D11-00A0C91BC942}") = "Same_Tree", "Same_Tree\Same_Tree.vcxproj", "{497EA6D4-F5AA-45FE-8D1E-92C955B474B5}"
EndProject
Project("{8BC9CEB8-8B4A-11D0-8D11-00A0C91BC942}") = "Validate_Binary_Search_Tree", "Validate_Binary_Search_Tree\Validate_Binary_Search_Tree.vcxproj", "{A1C9C4DC-5DC9-4657-B67F-9434F0C4CB3F}"
EndProject
Project("{8BC9CEB8-8B4A-11D0-8D11-00A0C91BC942}") = "Interleaving_String", "Interleaving_String\Interleaving_String.vcxproj", "{51783C10-750F-48EE-88E0-A0DFF0018814}"
EndProject
Project("{8BC9CEB8-8B4A-11D0-8D11-00A0C91BC942}") = "Unique_Binary_Search_Trees", "Unique_Binary_Search_Trees\Unique_Binary_Search_Trees.vcxproj", "{9944E8D0-DD22-4898-8281-F02DCA2F6265}"
EndProject
Project("{8BC9CEB8-8B4A-11D0-8D11-00A0C91BC942}") = "Unique_Binary_Search_Trees_II", "Unique_Binary_Search_Trees_II\Unique_Binary_Search_Trees_II.vcxproj", "{F75BCB91-6FBC-4498-8989-F5FF40131A3B}"
EndProject
Project("{8BC9CEB8-8B4A-11D0-8D11-00A0C91BC942}") = "Restore_IP_Addresses", "Restore_IP_Addresses\Restore_IP_Addresses.vcxproj", "{206D4D4A-433A-46B6-A1C1-E5375A0B69C7}"
EndProject
Project("{8BC9CEB8-8B4A-11D0-8D11-00A0C91BC942}") = "Reverse_Linked_List_II", "Reverse_Linked_List_II\Reverse_Linked_List_II.vcxproj", "{0CDB7401-0C38-4ABA-A73A-ED4E0442C40E}"
EndProject
Project("{8BC9CEB8-8B4A-11D0-8D11-00A0C91BC942}") = "Subsets_II", "Subsets_II\Subsets_II.vcxproj", "{6BEEE6B1-B23F-4E97-8461-9CE22629B138}"
EndProject
Project("{8BC9CEB8-8B4A-11D0-8D11-00A0C91BC942}") = "Decode_Ways", "Decode_Ways\Decode_Ways.vcxproj", "{ABFC2D98-9D84-4F60-A8C2-AABD04B10BB6}"
EndProject
Project("{8BC9CEB8-8B4A-11D0-8D11-00A0C91BC942}") = "Subsets", "Subsets\Subsets.vcxproj", "{9052022A-0F3E-46FF-8657-9A520FE05104}"
EndProject
Project("{8BC9CEB8-8B4A-11D0-8D11-00A0C91BC942}") = "Scramble_String", "Scramble_String\Scramble_String.vcxproj", "{E2B951B0-0A87-4A5B-838D-C6DB4403169C}"
EndProject
Project("{8BC9CEB8-8B4A-11D0-8D11-00A0C91BC942}") = "Binary_Tree_Inorder_Traversal", "Binary_Tree_Inorder_Traversal\Binary_Tree_Inorder_Traversal.vcxproj", "{3C09A58F-CEC2-4035-9E64-5B4A2DDEBCBB}"
EndProject
Project("{8BC9CEB8-8B4A-11D0-8D11-00A0C91BC942}") = "Merge_Sorted_Array", "Merge_Sorted_Array\Merge_Sorted_Array.vcxproj", "{AD8A805C-D0A8-4103-AC7B-F9A5E20B94F1}"
EndProject
Project("{8BC9CEB8-8B4A-11D0-8D11-00A0C91BC942}") = "Gray_Code", "Gray_Code\Gray_Code.vcxproj", "{0DE7CD78-9D9A-4CC1-8774-9A6ADD69A5D6}"
EndProject
Project("{8BC9CEB8-8B4A-11D0-8D11-00A0C91BC942}") = "LRU_Cache", "LRU_Cache\LRU_Cache.vcxproj", "{FE3B334D-37F0-469E-A60D-6AA8BD146014}"
EndProject
Project("{8BC9CEB8-8B4A-11D0-8D11-00A0C91BC942}") = "Min_Stack", "Min_Stack\Min_Stack.vcxproj", "{FDEE9588-3711-4CA8-A8D5-D5C6BBF29DB8}"
EndProject
Project("{2150E333-8FDC-42A3-9474-1A3956D46DE8}") = "Solution Items", "Solution Items", "{2EB01AE0-FF63-4250-B159-7FF6A65A866D}"
	ProjectSection(SolutionItems) = preProject
		解题报告.docx = 解题报告.docx
	EndProjectSection
EndProject
Project("{8BC9CEB8-8B4A-11D0-8D11-00A0C91BC942}") = "Partition_List", "Partition_List\Partition_List.vcxproj", "{BCBABDD2-43E0-4BE7-8A23-AE89C7849320}"
EndProject
Project("{8BC9CEB8-8B4A-11D0-8D11-00A0C91BC942}") = "Remove_Duplicates_from_Sorted_List_II", "Remove_Duplicates_from_Sorted_List_II\Remove_Duplicates_from_Sorted_List_II.vcxproj", "{604BDA3B-2261-454B-AA15-C51DAC432F61}"
EndProject
Project("{8BC9CEB8-8B4A-11D0-8D11-00A0C91BC942}") = "Remove_Duplicates_from_Sorted_List", "Remove_Duplicates_from_Sorted_List\Remove_Duplicates_from_Sorted_List.vcxproj", "{AB2959F8-545F-497E-99D9-CF26022BF5A0}"
EndProject
Project("{8BC9CEB8-8B4A-11D0-8D11-00A0C91BC942}") = "Search_in_Rotated_Sorted_Array", "Search_in_Rotated_Sorted_Array\Search_in_Rotated_Sorted_Array.vcxproj", "{5A39CD55-D48B-4C45-81C9-F724B7CED0CB}"
EndProject
Project("{8BC9CEB8-8B4A-11D0-8D11-00A0C91BC942}") = "Search_in_Rotated_Sorted_Array_II", "Search_in_Rotated_Sorted_Array_II\Search_in_Rotated_Sorted_Array_II.vcxproj", "{4E940D8E-C27B-4C4F-B691-87AD1DFD78A3}"
EndProject
Project("{8BC9CEB8-8B4A-11D0-8D11-00A0C91BC942}") = "Remove_Duplicates_from_Sorted_Array_II", "Remove_Duplicates_from_Sorted_Array_II\Remove_Duplicates_from_Sorted_Array_II.vcxproj", "{9B4877E8-E328-4D1F-95B9-8D2D234244F2}"
EndProject
Project("{8BC9CEB8-8B4A-11D0-8D11-00A0C91BC942}") = "Maximal_Rectangle", "Maximal_Rectangle\Maximal_Rectangle.vcxproj", "{BA9C473C-BDC7-4295-BBD7-FE93DC94C4F0}"
EndProject
Project("{8BC9CEB8-8B4A-11D0-8D11-00A0C91BC942}") = "Largest_Rectangle_in_Histogram", "Largest_Rectangle_in_Histogram\Largest_Rectangle_in_Histogram.vcxproj", "{2970D285-1734-4AF9-996C-89B1D913F912}"
EndProject
Project("{8BC9CEB8-8B4A-11D0-8D11-00A0C91BC942}") = "Combinations", "Combinations\Combinations.vcxproj", "{3758EA8E-241B-4969-BFCE-7EFB66BAB926}"
EndProject
Project("{8BC9CEB8-8B4A-11D0-8D11-00A0C91BC942}") = "Word_Search", "Word_Search\Word_Search.vcxproj", "{12BFF064-D2CA-4B60-8FAD-348724B8D234}"
EndProject
Project("{8BC9CEB8-8B4A-11D0-8D11-00A0C91BC942}") = "Sort_Colors", "Sort_Colors\Sort_Colors.vcxproj", "{F0924992-888C-44A7-9FF2-9EAD0215B0EC}"
EndProject
Project("{8BC9CEB8-8B4A-11D0-8D11-00A0C91BC942}") = "Minimum_Window_Substring", "Minimum_Window_Substring\Minimum_Window_Substring.vcxproj", "{5953F285-FA3B-4C2F-A458-8FB565FCF008}"
EndProject
Project("{8BC9CEB8-8B4A-11D0-8D11-00A0C91BC942}") = "Search_a_2D_Matrix", "Search_a_2D_Matrix\Search_a_2D_Matrix.vcxproj", "{9BD41424-52E5-48AD-A5E1-FD785BD49316}"
EndProject
Project("{8BC9CEB8-8B4A-11D0-8D11-00A0C91BC942}") = "Set_Matrix_Zeroes", "Set_Matrix_Zeroes\Set_Matrix_Zeroes.vcxproj", "{0B546F56-9332-4A55-AA64-5A05A5231ABF}"
EndProject
Project("{8BC9CEB8-8B4A-11D0-8D11-00A0C91BC942}") = "Edit_Distance", "Edit_Distance\Edit_Distance.vcxproj", "{17253B66-4EB1-4173-A3BF-BF2042793629}"
EndProject
Project("{8BC9CEB8-8B4A-11D0-8D11-00A0C91BC942}") = "Climbing_Stairs", "Climbing_Stairs\Climbing_Stairs.vcxproj", "{C0A3BFD2-6114-4E43-8D7A-16AA6DC1BCD5}"
EndProject
Project("{8BC9CEB8-8B4A-11D0-8D11-00A0C91BC942}") = "Sqrt(x)", "Sqrt(x)\Sqrt(x).vcxproj", "{19588890-3589-4930-907F-89245B248688}"
EndProject
Project("{8BC9CEB8-8B4A-11D0-8D11-00A0C91BC942}") = "Minimum_Path_Sum", "Minimum_Path_Sum\Minimum_Path_Sum.vcxproj", "{5F9621A7-9C6D-4224-9BE9-950D3F657083}"
EndProject
Project("{8BC9CEB8-8B4A-11D0-8D11-00A0C91BC942}") = "Unique_Paths_II", "Unique_Paths_II\Unique_Paths_II.vcxproj", "{55E5695D-5016-42BB-97AC-FB854331A9E1}"
EndProject
Project("{8BC9CEB8-8B4A-11D0-8D11-00A0C91BC942}") = "Unique_Paths", "Unique_Paths\Unique_Paths.vcxproj", "{58A4DF31-ECB0-445C-9406-8B916B0B7F88}"
EndProject
Project("{8BC9CEB8-8B4A-11D0-8D11-00A0C91BC942}") = "Insert_Interval", "Insert_Interval\Insert_Interval.vcxproj", "{5289A3C5-1988-4628-8CF8-CCC93C55427B}"
EndProject
Project("{8BC9CEB8-8B4A-11D0-8D11-00A0C91BC942}") = "Merge_Intervals", "Merge_Intervals\Merge_Intervals.vcxproj", "{32EE3709-2B6D-42B7-AC91-9CD96739ACA5}"
EndProject
Project("{8BC9CEB8-8B4A-11D0-8D11-00A0C91BC942}") = "Jump_Game", "Jump_Game\Jump_Game.vcxproj", "{2408A0A4-71BB-4CB1-A8CE-89963D08FD7D}"
EndProject
Project("{8BC9CEB8-8B4A-11D0-8D11-00A0C91BC942}") = "Length_of_Last_Word", "Length_of_Last_Word\Length_of_Last_Word.vcxproj", "{D977EBAE-C506-4D5A-828E-C30B55239D39}"
EndProject
Project("{8BC9CEB8-8B4A-11D0-8D11-00A0C91BC942}") = "Maximum_Subarray", "Maximum_Subarray\Maximum_Subarray.vcxproj", "{4B3B8DE9-E312-4A4E-84EA-37AB5A0C1033}"
EndProject
Project("{8BC9CEB8-8B4A-11D0-8D11-00A0C91BC942}") = "Permutation_Sequence", "Permutation_Sequence\Permutation_Sequence.vcxproj", "{F04F2F03-3888-444E-A789-86C8E86AA7CA}"
EndProject
Project("{8BC9CEB8-8B4A-11D0-8D11-00A0C91BC942}") = "Anagrams", "Anagrams\Anagrams.vcxproj", "{43F68F21-9D86-448A-BF13-559F545A6F62}"
EndProject
Project("{8BC9CEB8-8B4A-11D0-8D11-00A0C91BC942}") = "Rotate_Image", "Rotate_Image\Rotate_Image.vcxproj", "{E31F92DD-6CA1-4289-BE04-0970E8DA3EFF}"
EndProject
Project("{8BC9CEB8-8B4A-11D0-8D11-00A0C91BC942}") = "Pow(x, n)", "Pow(x, n)\Pow(x, n).vcxproj", "{1956D950-ABBE-473A-94E1-7A673B946761}"
EndProject
Project("{8BC9CEB8-8B4A-11D0-8D11-00A0C91BC942}") = "Permutations", "Permutations\Permutations.vcxproj", "{37E1CBCC-039F-438F-B4E8-798F71AE1688}"
EndProject
Project("{8BC9CEB8-8B4A-11D0-8D11-00A0C91BC942}") = "Permutations_II", "Permutations_II\Permutations_II.vcxproj", "{41924756-77CD-4C64-8ACE-981D860DF400}"
EndProject
Project("{8BC9CEB8-8B4A-11D0-8D11-00A0C91BC942}") = "Jump_Game_II", "Jump_Game_II\Jump_Game_II.vcxproj", "{C2B9195B-3AFC-4B15-B398-B273DC6EC987}"
EndProject
Project("{8BC9CEB8-8B4A-11D0-8D11-00A0C91BC942}") = "Two_Sum", "Two_Sum\Two_Sum.vcxproj", "{8B512117-BE72-49B8-B0D0-AA6F955CE387}"
EndProject
Project("{8BC9CEB8-8B4A-11D0-8D11-00A0C91BC942}") = "Median_of_Two_Sorted_Arrays", "Median_of_Two_Sorted_Arrays\Median_of_Two_Sorted_Arrays.vcxproj", "{1D1398D3-4C41-4F36-9BBC-FAC1D5115227}"
EndProject
Project("{8BC9CEB8-8B4A-11D0-8D11-00A0C91BC942}") = "Add_Two_Numbers", "Add_Two_Numbers\Add_Two_Numbers.vcxproj", "{FE29F132-9EC3-477D-B17A-4E5E88B0E79B}"
EndProject
Project("{8BC9CEB8-8B4A-11D0-8D11-00A0C91BC942}") = "Longest_Substring_Without_Repeating_Characters", "Longest_Substring_Without_Repeating_Characters\Longest_Substring_Without_Repeating_Characters.vcxproj", "{F6704ECB-F5B9-48C7-9891-FAFECB908120}"
EndProject
Project("{8BC9CEB8-8B4A-11D0-8D11-00A0C91BC942}") = "Palindrome_Number", "Palindrome_Number\Palindrome_Number.vcxproj", "{07E257F9-7695-4E58-B37B-10BF24BB4BB5}"
EndProject
Project("{8BC9CEB8-8B4A-11D0-8D11-00A0C91BC942}") = "String_to_Integer_(atoi)", "String_to_Integer_(atoi)\String_to_Integer_(atoi).vcxproj", "{1CE5F037-7F25-4D19-AD85-358460D4A313}"
EndProject
Project("{8BC9CEB8-8B4A-11D0-8D11-00A0C91BC942}") = "Reverse_Integer", "Reverse_Integer\Reverse_Integer.vcxproj", "{E9CAAE69-5EB6-4289-98F5-53D8C8D8092D}"
EndProject
Project("{8BC9CEB8-8B4A-11D0-8D11-00A0C91BC942}") = "Longest_Palindromic_Substring", "Longest_Palindromic_Substring\Longest_Palindromic_Substring.vcxproj", "{18AE836B-B534-4FA9-8A86-396B34DB8BF6}"
EndProject
Project("{8BC9CEB8-8B4A-11D0-8D11-00A0C91BC942}") = "Longest_Common_Prefix", "Longest_Common_Prefix\Longest_Common_Prefix.vcxproj", "{8030B195-24C5-43D4-AB55-8EB7542A979B}"
EndProject
Project("{8BC9CEB8-8B4A-11D0-8D11-00A0C91BC942}") = "Container_With_Most_Water", "Container_With_Most_Water\Container_With_Most_Water.vcxproj", "{01A665FA-2537-4E39-B915-AEC7802CDEED}"
EndProject
Project("{8BC9CEB8-8B4A-11D0-8D11-00A0C91BC942}") = "3Sum", "3Sum\3Sum.vcxproj", "{786C071A-1976-4980-87CD-ED427E922420}"
EndProject
Project("{8BC9CEB8-8B4A-11D0-8D11-00A0C91BC942}") = "3Sum_Closest", "3Sum_Closest\3Sum_Closest.vcxproj", "{D9826ABA-20D2-487E-924B-33F26513EC3D}"
EndProject
Project("{8BC9CEB8-8B4A-11D0-8D11-00A0C91BC942}") = "4Sum", "4Sum\4Sum.vcxproj", "{07B64A3B-B657-4B95-ABD4-D19D34BC0E01}"
EndProject
Project("{8BC9CEB8-8B4A-11D0-8D11-00A0C91BC942}") = "Next_Permutation", "Next_Permutation\Next_Permutation.vcxproj", "{CF5D0D6F-71A5-4C97-8F7B-C06EF412145B}"
EndProject
Project("{8BC9CEB8-8B4A-11D0-8D11-00A0C91BC942}") = "Valid_Parentheses", "Valid_Parentheses\Valid_Parentheses.vcxproj", "{01FFE0E2-C899-47D4-931F-9F8C597BAB21}"
EndProject
Project("{8BC9CEB8-8B4A-11D0-8D11-00A0C91BC942}") = "Remove_Nth_Node_From_End_of_List", "Remove_Nth_Node_From_End_of_List\Remove_Nth_Node_From_End_of_List.vcxproj", "{FFB6C5AF-DE34-4207-B018-F5122B7895F4}"
EndProject
Project("{8BC9CEB8-8B4A-11D0-8D11-00A0C91BC942}") = "Swap_Nodes_in_Pairs", "Swap_Nodes_in_Pairs\Swap_Nodes_in_Pairs.vcxproj", "{2ACFA567-0F1E-4270-AC3E-45A8702D5F0E}"
EndProject
Project("{8BC9CEB8-8B4A-11D0-8D11-00A0C91BC942}") = "Merge_k_Sorted_Lists", "Merge_k_Sorted_Lists\Merge_k_Sorted_Lists.vcxproj", "{5B45C8A0-445F-443D-9555-8ADAB8F49D89}"
EndProject
Project("{8BC9CEB8-8B4A-11D0-8D11-00A0C91BC942}") = "Generate_Parentheses", "Generate_Parentheses\Generate_Parentheses.vcxproj", "{C4AE68C0-A731-4840-8710-0E57DAF10BE9}"
EndProject
Project("{8BC9CEB8-8B4A-11D0-8D11-00A0C91BC942}") = "Remove_Element", "Remove_Element\Remove_Element.vcxproj", "{DE1A5474-500D-4E68-A808-76D49BB445A4}"
EndProject
Project("{8BC9CEB8-8B4A-11D0-8D11-00A0C91BC942}") = "Remove_Duplicates_from_Sorted_Array", "Remove_Duplicates_from_Sorted_Array\Remove_Duplicates_from_Sorted_Array.vcxproj", "{F3A91A6E-B5D8-4701-BEC2-6C96D8F534EE}"
EndProject
Project("{8BC9CEB8-8B4A-11D0-8D11-00A0C91BC942}") = "Longest_Valid_Parentheses", "Longest_Valid_Parentheses\Longest_Valid_Parentheses.vcxproj", "{8D5C8208-9ED6-432B-870E-E2503D8EB7C5}"
EndProject
Project("{8BC9CEB8-8B4A-11D0-8D11-00A0C91BC942}") = "Substring_with_Concatenation_of_All_Words", "Substring_with_Concatenation_of_All_Words\Substring_with_Concatenation_of_All_Words.vcxproj", "{1BBA54B7-DFDD-473E-8C30-38C45106B163}"
EndProject
Project("{8BC9CEB8-8B4A-11D0-8D11-00A0C91BC942}") = "Divide_Two_Integers", "Divide_Two_Integers\Divide_Two_Integers.vcxproj", "{DDC9E1A9-0180-44B0-9CAF-D2F232D05FAE}"
EndProject
Project("{8BC9CEB8-8B4A-11D0-8D11-00A0C91BC942}") = "Search_for_a_Range", "Search_for_a_Range\Search_for_a_Range.vcxproj", "{F0205533-18B0-4657-892F-B0F186075711}"
EndProject
Project("{8BC9CEB8-8B4A-11D0-8D11-00A0C91BC942}") = "Search_Insert_Position", "Search_Insert_Position\Search_Insert_Position.vcxproj", "{F4585F2B-FF7E-4A8F-BA84-70456C306B7F}"
EndProject
Project("{8BC9CEB8-8B4A-11D0-8D11-00A0C91BC942}") = "Intersection_of_Two_Linked_Lists", "Intersection_of_Two_Linked_Lists\Intersection_of_Two_Linked_Lists.vcxproj", "{B4EBC10F-650D-4574-A278-7815F448384B}"
EndProject
Global
	GlobalSection(SolutionConfigurationPlatforms) = preSolution
		Debug|Win32 = Debug|Win32
		Release|Win32 = Release|Win32
	EndGlobalSection
	GlobalSection(ProjectConfigurationPlatforms) = postSolution
		{6BD16B9F-3AA7-4A70-ADD3-A832F05F51D2}.Debug|Win32.ActiveCfg = Debug|Win32
		{6BD16B9F-3AA7-4A70-ADD3-A832F05F51D2}.Debug|Win32.Build.0 = Debug|Win32
		{6BD16B9F-3AA7-4A70-ADD3-A832F05F51D2}.Release|Win32.ActiveCfg = Release|Win32
		{6BD16B9F-3AA7-4A70-ADD3-A832F05F51D2}.Release|Win32.Build.0 = Release|Win32
		{5A7D764E-2338-4978-B415-EEE4820C91C7}.Debug|Win32.ActiveCfg = Debug|Win32
		{5A7D764E-2338-4978-B415-EEE4820C91C7}.Debug|Win32.Build.0 = Debug|Win32
		{5A7D764E-2338-4978-B415-EEE4820C91C7}.Release|Win32.ActiveCfg = Release|Win32
		{5A7D764E-2338-4978-B415-EEE4820C91C7}.Release|Win32.Build.0 = Release|Win32
		{089D6EB1-410E-44DB-B709-E682D4C3BE59}.Debug|Win32.ActiveCfg = Debug|Win32
		{089D6EB1-410E-44DB-B709-E682D4C3BE59}.Debug|Win32.Build.0 = Debug|Win32
		{089D6EB1-410E-44DB-B709-E682D4C3BE59}.Release|Win32.ActiveCfg = Release|Win32
		{089D6EB1-410E-44DB-B709-E682D4C3BE59}.Release|Win32.Build.0 = Release|Win32
		{194CE362-C194-479F-8DF9-6B49253FFEBA}.Debug|Win32.ActiveCfg = Debug|Win32
		{194CE362-C194-479F-8DF9-6B49253FFEBA}.Debug|Win32.Build.0 = Debug|Win32
		{194CE362-C194-479F-8DF9-6B49253FFEBA}.Release|Win32.ActiveCfg = Release|Win32
		{194CE362-C194-479F-8DF9-6B49253FFEBA}.Release|Win32.Build.0 = Release|Win32
		{2BFB085D-5558-4336-A8D9-87D303DADB96}.Debug|Win32.ActiveCfg = Debug|Win32
		{2BFB085D-5558-4336-A8D9-87D303DADB96}.Debug|Win32.Build.0 = Debug|Win32
		{2BFB085D-5558-4336-A8D9-87D303DADB96}.Release|Win32.ActiveCfg = Release|Win32
		{2BFB085D-5558-4336-A8D9-87D303DADB96}.Release|Win32.Build.0 = Release|Win32
		{226C543B-33CC-46E9-8D0A-FEF3378ED1B7}.Debug|Win32.ActiveCfg = Debug|Win32
		{226C543B-33CC-46E9-8D0A-FEF3378ED1B7}.Debug|Win32.Build.0 = Debug|Win32
		{226C543B-33CC-46E9-8D0A-FEF3378ED1B7}.Release|Win32.ActiveCfg = Release|Win32
		{226C543B-33CC-46E9-8D0A-FEF3378ED1B7}.Release|Win32.Build.0 = Release|Win32
		{00933703-33A6-43F7-B69C-B51E23EB2C26}.Debug|Win32.ActiveCfg = Debug|Win32
		{00933703-33A6-43F7-B69C-B51E23EB2C26}.Debug|Win32.Build.0 = Debug|Win32
		{00933703-33A6-43F7-B69C-B51E23EB2C26}.Release|Win32.ActiveCfg = Release|Win32
		{00933703-33A6-43F7-B69C-B51E23EB2C26}.Release|Win32.Build.0 = Release|Win32
		{74257682-1F41-4ACC-959A-E268CA3FA558}.Debug|Win32.ActiveCfg = Debug|Win32
		{74257682-1F41-4ACC-959A-E268CA3FA558}.Debug|Win32.Build.0 = Debug|Win32
		{74257682-1F41-4ACC-959A-E268CA3FA558}.Release|Win32.ActiveCfg = Release|Win32
		{74257682-1F41-4ACC-959A-E268CA3FA558}.Release|Win32.Build.0 = Release|Win32
		{58E2B5E3-8FF3-434C-9D70-1D9937372470}.Debug|Win32.ActiveCfg = Debug|Win32
		{58E2B5E3-8FF3-434C-9D70-1D9937372470}.Debug|Win32.Build.0 = Debug|Win32
		{58E2B5E3-8FF3-434C-9D70-1D9937372470}.Release|Win32.ActiveCfg = Release|Win32
		{58E2B5E3-8FF3-434C-9D70-1D9937372470}.Release|Win32.Build.0 = Release|Win32
		{82832CFE-26C4-4C6D-BAB6-9051EC3BA11E}.Debug|Win32.ActiveCfg = Debug|Win32
		{82832CFE-26C4-4C6D-BAB6-9051EC3BA11E}.Debug|Win32.Build.0 = Debug|Win32
		{82832CFE-26C4-4C6D-BAB6-9051EC3BA11E}.Release|Win32.ActiveCfg = Release|Win32
		{82832CFE-26C4-4C6D-BAB6-9051EC3BA11E}.Release|Win32.Build.0 = Release|Win32
		{5399E2FB-01B8-4561-AA76-E6CFB549DCC4}.Debug|Win32.ActiveCfg = Debug|Win32
		{5399E2FB-01B8-4561-AA76-E6CFB549DCC4}.Debug|Win32.Build.0 = Debug|Win32
		{5399E2FB-01B8-4561-AA76-E6CFB549DCC4}.Release|Win32.ActiveCfg = Release|Win32
		{5399E2FB-01B8-4561-AA76-E6CFB549DCC4}.Release|Win32.Build.0 = Release|Win32
		{10F64F47-DBF2-4C19-916C-48FF037727EC}.Debug|Win32.ActiveCfg = Debug|Win32
		{10F64F47-DBF2-4C19-916C-48FF037727EC}.Debug|Win32.Build.0 = Debug|Win32
		{10F64F47-DBF2-4C19-916C-48FF037727EC}.Release|Win32.ActiveCfg = Release|Win32
		{10F64F47-DBF2-4C19-916C-48FF037727EC}.Release|Win32.Build.0 = Release|Win32
		{5BB7B8E1-13F9-4E56-8E87-09FE75264729}.Debug|Win32.ActiveCfg = Debug|Win32
		{5BB7B8E1-13F9-4E56-8E87-09FE75264729}.Debug|Win32.Build.0 = Debug|Win32
		{5BB7B8E1-13F9-4E56-8E87-09FE75264729}.Release|Win32.ActiveCfg = Release|Win32
		{5BB7B8E1-13F9-4E56-8E87-09FE75264729}.Release|Win32.Build.0 = Release|Win32
		{546ECA68-E6D6-4670-803B-9F570273E10C}.Debug|Win32.ActiveCfg = Debug|Win32
		{546ECA68-E6D6-4670-803B-9F570273E10C}.Debug|Win32.Build.0 = Debug|Win32
		{546ECA68-E6D6-4670-803B-9F570273E10C}.Release|Win32.ActiveCfg = Release|Win32
		{546ECA68-E6D6-4670-803B-9F570273E10C}.Release|Win32.Build.0 = Release|Win32
		{23D89F43-01E7-4BBE-8266-8E86FF3D5B49}.Debug|Win32.ActiveCfg = Debug|Win32
		{23D89F43-01E7-4BBE-8266-8E86FF3D5B49}.Debug|Win32.Build.0 = Debug|Win32
		{23D89F43-01E7-4BBE-8266-8E86FF3D5B49}.Release|Win32.ActiveCfg = Release|Win32
		{23D89F43-01E7-4BBE-8266-8E86FF3D5B49}.Release|Win32.Build.0 = Release|Win32
		{87A581DD-A25A-4AE7-BC22-8F774DC9075C}.Debug|Win32.ActiveCfg = Debug|Win32
		{87A581DD-A25A-4AE7-BC22-8F774DC9075C}.Debug|Win32.Build.0 = Debug|Win32
		{87A581DD-A25A-4AE7-BC22-8F774DC9075C}.Release|Win32.ActiveCfg = Release|Win32
		{87A581DD-A25A-4AE7-BC22-8F774DC9075C}.Release|Win32.Build.0 = Release|Win32
		{82BD0504-F6C7-4129-AE1A-4F4027C48132}.Debug|Win32.ActiveCfg = Debug|Win32
		{82BD0504-F6C7-4129-AE1A-4F4027C48132}.Debug|Win32.Build.0 = Debug|Win32
		{82BD0504-F6C7-4129-AE1A-4F4027C48132}.Release|Win32.ActiveCfg = Release|Win32
		{82BD0504-F6C7-4129-AE1A-4F4027C48132}.Release|Win32.Build.0 = Release|Win32
		{BD6F815F-D0D5-4105-8004-BD6DBCC15C5D}.Debug|Win32.ActiveCfg = Debug|Win32
		{BD6F815F-D0D5-4105-8004-BD6DBCC15C5D}.Debug|Win32.Build.0 = Debug|Win32
		{BD6F815F-D0D5-4105-8004-BD6DBCC15C5D}.Release|Win32.ActiveCfg = Release|Win32
		{BD6F815F-D0D5-4105-8004-BD6DBCC15C5D}.Release|Win32.Build.0 = Release|Win32
		{3231C721-ECBE-4706-90C5-988940142C27}.Debug|Win32.ActiveCfg = Debug|Win32
		{3231C721-ECBE-4706-90C5-988940142C27}.Debug|Win32.Build.0 = Debug|Win32
		{3231C721-ECBE-4706-90C5-988940142C27}.Release|Win32.ActiveCfg = Release|Win32
		{3231C721-ECBE-4706-90C5-988940142C27}.Release|Win32.Build.0 = Release|Win32
		{D3A64DFD-9682-4FE0-ABB8-33DFA1BCDC6A}.Debug|Win32.ActiveCfg = Debug|Win32
		{D3A64DFD-9682-4FE0-ABB8-33DFA1BCDC6A}.Debug|Win32.Build.0 = Debug|Win32
		{D3A64DFD-9682-4FE0-ABB8-33DFA1BCDC6A}.Release|Win32.ActiveCfg = Release|Win32
		{D3A64DFD-9682-4FE0-ABB8-33DFA1BCDC6A}.Release|Win32.Build.0 = Release|Win32
		{B637129D-51C7-4907-A9ED-318DEEA57000}.Debug|Win32.ActiveCfg = Debug|Win32
		{B637129D-51C7-4907-A9ED-318DEEA57000}.Debug|Win32.Build.0 = Debug|Win32
		{B637129D-51C7-4907-A9ED-318DEEA57000}.Release|Win32.ActiveCfg = Release|Win32
		{B637129D-51C7-4907-A9ED-318DEEA57000}.Release|Win32.Build.0 = Release|Win32
		{2ACC5652-9FE2-4435-B52D-6583B1F8E2D7}.Debug|Win32.ActiveCfg = Debug|Win32
		{2ACC5652-9FE2-4435-B52D-6583B1F8E2D7}.Debug|Win32.Build.0 = Debug|Win32
		{2ACC5652-9FE2-4435-B52D-6583B1F8E2D7}.Release|Win32.ActiveCfg = Release|Win32
		{2ACC5652-9FE2-4435-B52D-6583B1F8E2D7}.Release|Win32.Build.0 = Release|Win32
		{11758390-013B-431C-BF5D-C3602A8F928F}.Debug|Win32.ActiveCfg = Debug|Win32
		{11758390-013B-431C-BF5D-C3602A8F928F}.Debug|Win32.Build.0 = Debug|Win32
		{11758390-013B-431C-BF5D-C3602A8F928F}.Release|Win32.ActiveCfg = Release|Win32
		{11758390-013B-431C-BF5D-C3602A8F928F}.Release|Win32.Build.0 = Release|Win32
		{071FC859-C559-43A5-A815-E9DAF16DC905}.Debug|Win32.ActiveCfg = Debug|Win32
		{071FC859-C559-43A5-A815-E9DAF16DC905}.Debug|Win32.Build.0 = Debug|Win32
		{071FC859-C559-43A5-A815-E9DAF16DC905}.Release|Win32.ActiveCfg = Release|Win32
		{071FC859-C559-43A5-A815-E9DAF16DC905}.Release|Win32.Build.0 = Release|Win32
		{56EA7F45-ED79-4D8B-983F-C2B3E79DCE67}.Debug|Win32.ActiveCfg = Debug|Win32
		{56EA7F45-ED79-4D8B-983F-C2B3E79DCE67}.Debug|Win32.Build.0 = Debug|Win32
		{56EA7F45-ED79-4D8B-983F-C2B3E79DCE67}.Release|Win32.ActiveCfg = Release|Win32
		{56EA7F45-ED79-4D8B-983F-C2B3E79DCE67}.Release|Win32.Build.0 = Release|Win32
		{F7007CCC-392E-46CB-A4FB-E872CDAA74A7}.Debug|Win32.ActiveCfg = Debug|Win32
		{F7007CCC-392E-46CB-A4FB-E872CDAA74A7}.Debug|Win32.Build.0 = Debug|Win32
		{F7007CCC-392E-46CB-A4FB-E872CDAA74A7}.Release|Win32.ActiveCfg = Release|Win32
		{F7007CCC-392E-46CB-A4FB-E872CDAA74A7}.Release|Win32.Build.0 = Release|Win32
		{D208CB10-37F9-401A-9D74-217244581948}.Debug|Win32.ActiveCfg = Debug|Win32
		{D208CB10-37F9-401A-9D74-217244581948}.Debug|Win32.Build.0 = Debug|Win32
		{D208CB10-37F9-401A-9D74-217244581948}.Release|Win32.ActiveCfg = Release|Win32
		{D208CB10-37F9-401A-9D74-217244581948}.Release|Win32.Build.0 = Release|Win32
		{ABE8A17F-7559-43A1-974F-061F53AE26E0}.Debug|Win32.ActiveCfg = Debug|Win32
		{ABE8A17F-7559-43A1-974F-061F53AE26E0}.Debug|Win32.Build.0 = Debug|Win32
		{ABE8A17F-7559-43A1-974F-061F53AE26E0}.Release|Win32.ActiveCfg = Release|Win32
		{ABE8A17F-7559-43A1-974F-061F53AE26E0}.Release|Win32.Build.0 = Release|Win32
		{30664F37-5949-4BAC-89B8-9B70CAD790A2}.Debug|Win32.ActiveCfg = Debug|Win32
		{30664F37-5949-4BAC-89B8-9B70CAD790A2}.Debug|Win32.Build.0 = Debug|Win32
		{30664F37-5949-4BAC-89B8-9B70CAD790A2}.Release|Win32.ActiveCfg = Release|Win32
		{30664F37-5949-4BAC-89B8-9B70CAD790A2}.Release|Win32.Build.0 = Release|Win32
		{BC8A9434-93E5-4D6D-8C36-C8A2B79F3C02}.Debug|Win32.ActiveCfg = Debug|Win32
		{BC8A9434-93E5-4D6D-8C36-C8A2B79F3C02}.Debug|Win32.Build.0 = Debug|Win32
		{BC8A9434-93E5-4D6D-8C36-C8A2B79F3C02}.Release|Win32.ActiveCfg = Release|Win32
		{BC8A9434-93E5-4D6D-8C36-C8A2B79F3C02}.Release|Win32.Build.0 = Release|Win32
		{C9C01CC7-134F-42F9-B017-87FD3D486CDC}.Debug|Win32.ActiveCfg = Debug|Win32
		{C9C01CC7-134F-42F9-B017-87FD3D486CDC}.Debug|Win32.Build.0 = Debug|Win32
		{C9C01CC7-134F-42F9-B017-87FD3D486CDC}.Release|Win32.ActiveCfg = Release|Win32
		{C9C01CC7-134F-42F9-B017-87FD3D486CDC}.Release|Win32.Build.0 = Release|Win32
		{4739FEC3-2FA8-4A4E-9F45-7A982F1EC879}.Debug|Win32.ActiveCfg = Debug|Win32
		{4739FEC3-2FA8-4A4E-9F45-7A982F1EC879}.Debug|Win32.Build.0 = Debug|Win32
		{4739FEC3-2FA8-4A4E-9F45-7A982F1EC879}.Release|Win32.ActiveCfg = Release|Win32
		{4739FEC3-2FA8-4A4E-9F45-7A982F1EC879}.Release|Win32.Build.0 = Release|Win32
		{E580AE2F-D00A-49C0-AB3F-15475E43F05D}.Debug|Win32.ActiveCfg = Debug|Win32
		{E580AE2F-D00A-49C0-AB3F-15475E43F05D}.Debug|Win32.Build.0 = Debug|Win32
		{E580AE2F-D00A-49C0-AB3F-15475E43F05D}.Release|Win32.ActiveCfg = Release|Win32
		{E580AE2F-D00A-49C0-AB3F-15475E43F05D}.Release|Win32.Build.0 = Release|Win32
		{6934BC4C-2048-4635-A132-ECD5329117B7}.Debug|Win32.ActiveCfg = Debug|Win32
		{6934BC4C-2048-4635-A132-ECD5329117B7}.Debug|Win32.Build.0 = Debug|Win32
		{6934BC4C-2048-4635-A132-ECD5329117B7}.Release|Win32.ActiveCfg = Release|Win32
		{6934BC4C-2048-4635-A132-ECD5329117B7}.Release|Win32.Build.0 = Release|Win32
		{678CA050-298E-4A5F-807F-6C132669F279}.Debug|Win32.ActiveCfg = Debug|Win32
		{678CA050-298E-4A5F-807F-6C132669F279}.Debug|Win32.Build.0 = Debug|Win32
		{678CA050-298E-4A5F-807F-6C132669F279}.Release|Win32.ActiveCfg = Release|Win32
		{678CA050-298E-4A5F-807F-6C132669F279}.Release|Win32.Build.0 = Release|Win32
		{69FFCCCB-6DC3-4836-8107-3D51C6C17A69}.Debug|Win32.ActiveCfg = Debug|Win32
		{69FFCCCB-6DC3-4836-8107-3D51C6C17A69}.Debug|Win32.Build.0 = Debug|Win32
		{69FFCCCB-6DC3-4836-8107-3D51C6C17A69}.Release|Win32.ActiveCfg = Release|Win32
		{69FFCCCB-6DC3-4836-8107-3D51C6C17A69}.Release|Win32.Build.0 = Release|Win32
		{F318829A-CCFF-4757-AAEE-B8C7D705E94D}.Debug|Win32.ActiveCfg = Debug|Win32
		{F318829A-CCFF-4757-AAEE-B8C7D705E94D}.Debug|Win32.Build.0 = Debug|Win32
		{F318829A-CCFF-4757-AAEE-B8C7D705E94D}.Release|Win32.ActiveCfg = Release|Win32
		{F318829A-CCFF-4757-AAEE-B8C7D705E94D}.Release|Win32.Build.0 = Release|Win32
		{2332D3C7-AC0C-42EC-9A0F-D16E91ED2EAB}.Debug|Win32.ActiveCfg = Debug|Win32
		{2332D3C7-AC0C-42EC-9A0F-D16E91ED2EAB}.Debug|Win32.Build.0 = Debug|Win32
		{2332D3C7-AC0C-42EC-9A0F-D16E91ED2EAB}.Release|Win32.ActiveCfg = Release|Win32
		{2332D3C7-AC0C-42EC-9A0F-D16E91ED2EAB}.Release|Win32.Build.0 = Release|Win32
		{7356D10E-31D9-4F3C-BDAE-41071BC4A910}.Debug|Win32.ActiveCfg = Debug|Win32
		{7356D10E-31D9-4F3C-BDAE-41071BC4A910}.Debug|Win32.Build.0 = Debug|Win32
		{7356D10E-31D9-4F3C-BDAE-41071BC4A910}.Release|Win32.ActiveCfg = Release|Win32
		{7356D10E-31D9-4F3C-BDAE-41071BC4A910}.Release|Win32.Build.0 = Release|Win32
		{F820DD33-4015-46A5-A0A8-EFF75DF842FC}.Debug|Win32.ActiveCfg = Debug|Win32
		{F820DD33-4015-46A5-A0A8-EFF75DF842FC}.Debug|Win32.Build.0 = Debug|Win32
		{F820DD33-4015-46A5-A0A8-EFF75DF842FC}.Release|Win32.ActiveCfg = Release|Win32
		{F820DD33-4015-46A5-A0A8-EFF75DF842FC}.Release|Win32.Build.0 = Release|Win32
		{E8F79765-0D23-4780-8F96-D77A8B788C30}.Debug|Win32.ActiveCfg = Debug|Win32
		{E8F79765-0D23-4780-8F96-D77A8B788C30}.Debug|Win32.Build.0 = Debug|Win32
		{E8F79765-0D23-4780-8F96-D77A8B788C30}.Release|Win32.ActiveCfg = Release|Win32
		{E8F79765-0D23-4780-8F96-D77A8B788C30}.Release|Win32.Build.0 = Release|Win32
		{EAC6FEA4-FBBF-42DD-B05B-E8BA02D50DA0}.Debug|Win32.ActiveCfg = Debug|Win32
		{EAC6FEA4-FBBF-42DD-B05B-E8BA02D50DA0}.Debug|Win32.Build.0 = Debug|Win32
		{EAC6FEA4-FBBF-42DD-B05B-E8BA02D50DA0}.Release|Win32.ActiveCfg = Release|Win32
		{EAC6FEA4-FBBF-42DD-B05B-E8BA02D50DA0}.Release|Win32.Build.0 = Release|Win32
		{0B8D76A1-8582-42DC-865A-2CAAE07E2744}.Debug|Win32.ActiveCfg = Debug|Win32
		{0B8D76A1-8582-42DC-865A-2CAAE07E2744}.Debug|Win32.Build.0 = Debug|Win32
		{0B8D76A1-8582-42DC-865A-2CAAE07E2744}.Release|Win32.ActiveCfg = Release|Win32
		{0B8D76A1-8582-42DC-865A-2CAAE07E2744}.Release|Win32.Build.0 = Release|Win32
		{0C0DA99A-E06F-4272-9B08-C3CDE08B6C86}.Debug|Win32.ActiveCfg = Debug|Win32
		{0C0DA99A-E06F-4272-9B08-C3CDE08B6C86}.Debug|Win32.Build.0 = Debug|Win32
		{0C0DA99A-E06F-4272-9B08-C3CDE08B6C86}.Release|Win32.ActiveCfg = Release|Win32
		{0C0DA99A-E06F-4272-9B08-C3CDE08B6C86}.Release|Win32.Build.0 = Release|Win32
		{C4BCD823-F4E9-498B-8443-6577A97540E8}.Debug|Win32.ActiveCfg = Debug|Win32
		{C4BCD823-F4E9-498B-8443-6577A97540E8}.Debug|Win32.Build.0 = Debug|Win32
		{C4BCD823-F4E9-498B-8443-6577A97540E8}.Release|Win32.ActiveCfg = Release|Win32
		{C4BCD823-F4E9-498B-8443-6577A97540E8}.Release|Win32.Build.0 = Release|Win32
		{C0D52864-F5F0-4CA4-8C7A-03BBB6EE7951}.Debug|Win32.ActiveCfg = Debug|Win32
		{C0D52864-F5F0-4CA4-8C7A-03BBB6EE7951}.Debug|Win32.Build.0 = Debug|Win32
		{C0D52864-F5F0-4CA4-8C7A-03BBB6EE7951}.Release|Win32.ActiveCfg = Release|Win32
		{C0D52864-F5F0-4CA4-8C7A-03BBB6EE7951}.Release|Win32.Build.0 = Release|Win32
		{75D4C9BC-E3BD-42E1-BCCC-2F2324B8A3AF}.Debug|Win32.ActiveCfg = Debug|Win32
		{75D4C9BC-E3BD-42E1-BCCC-2F2324B8A3AF}.Debug|Win32.Build.0 = Debug|Win32
		{75D4C9BC-E3BD-42E1-BCCC-2F2324B8A3AF}.Release|Win32.ActiveCfg = Release|Win32
		{75D4C9BC-E3BD-42E1-BCCC-2F2324B8A3AF}.Release|Win32.Build.0 = Release|Win32
		{621E791C-F37E-4679-B54C-DCC0B69600D9}.Debug|Win32.ActiveCfg = Debug|Win32
		{621E791C-F37E-4679-B54C-DCC0B69600D9}.Debug|Win32.Build.0 = Debug|Win32
		{621E791C-F37E-4679-B54C-DCC0B69600D9}.Release|Win32.ActiveCfg = Release|Win32
		{621E791C-F37E-4679-B54C-DCC0B69600D9}.Release|Win32.Build.0 = Release|Win32
		{AB9C05C7-891E-4F34-BF80-4C8BF5CBB192}.Debug|Win32.ActiveCfg = Debug|Win32
		{AB9C05C7-891E-4F34-BF80-4C8BF5CBB192}.Debug|Win32.Build.0 = Debug|Win32
		{AB9C05C7-891E-4F34-BF80-4C8BF5CBB192}.Release|Win32.ActiveCfg = Release|Win32
		{AB9C05C7-891E-4F34-BF80-4C8BF5CBB192}.Release|Win32.Build.0 = Release|Win32
		{837014AA-66E9-4E4C-A7B7-FC2EAF86AEE3}.Debug|Win32.ActiveCfg = Debug|Win32
		{837014AA-66E9-4E4C-A7B7-FC2EAF86AEE3}.Debug|Win32.Build.0 = Debug|Win32
		{837014AA-66E9-4E4C-A7B7-FC2EAF86AEE3}.Release|Win32.ActiveCfg = Release|Win32
		{837014AA-66E9-4E4C-A7B7-FC2EAF86AEE3}.Release|Win32.Build.0 = Release|Win32
		{9395D311-5D17-4E08-B92C-9B2C42CC1CC4}.Debug|Win32.ActiveCfg = Debug|Win32
		{9395D311-5D17-4E08-B92C-9B2C42CC1CC4}.Debug|Win32.Build.0 = Debug|Win32
		{9395D311-5D17-4E08-B92C-9B2C42CC1CC4}.Release|Win32.ActiveCfg = Release|Win32
		{9395D311-5D17-4E08-B92C-9B2C42CC1CC4}.Release|Win32.Build.0 = Release|Win32
		{6D13B4DB-FB7D-4227-AB41-1B20DA0179B3}.Debug|Win32.ActiveCfg = Debug|Win32
		{6D13B4DB-FB7D-4227-AB41-1B20DA0179B3}.Debug|Win32.Build.0 = Debug|Win32
		{6D13B4DB-FB7D-4227-AB41-1B20DA0179B3}.Release|Win32.ActiveCfg = Release|Win32
		{6D13B4DB-FB7D-4227-AB41-1B20DA0179B3}.Release|Win32.Build.0 = Release|Win32
		{497EA6D4-F5AA-45FE-8D1E-92C955B474B5}.Debug|Win32.ActiveCfg = Debug|Win32
		{497EA6D4-F5AA-45FE-8D1E-92C955B474B5}.Debug|Win32.Build.0 = Debug|Win32
		{497EA6D4-F5AA-45FE-8D1E-92C955B474B5}.Release|Win32.ActiveCfg = Release|Win32
		{497EA6D4-F5AA-45FE-8D1E-92C955B474B5}.Release|Win32.Build.0 = Release|Win32
		{A1C9C4DC-5DC9-4657-B67F-9434F0C4CB3F}.Debug|Win32.ActiveCfg = Debug|Win32
		{A1C9C4DC-5DC9-4657-B67F-9434F0C4CB3F}.Debug|Win32.Build.0 = Debug|Win32
		{A1C9C4DC-5DC9-4657-B67F-9434F0C4CB3F}.Release|Win32.ActiveCfg = Release|Win32
		{A1C9C4DC-5DC9-4657-B67F-9434F0C4CB3F}.Release|Win32.Build.0 = Release|Win32
		{51783C10-750F-48EE-88E0-A0DFF0018814}.Debug|Win32.ActiveCfg = Debug|Win32
		{51783C10-750F-48EE-88E0-A0DFF0018814}.Debug|Win32.Build.0 = Debug|Win32
		{51783C10-750F-48EE-88E0-A0DFF0018814}.Release|Win32.ActiveCfg = Release|Win32
		{51783C10-750F-48EE-88E0-A0DFF0018814}.Release|Win32.Build.0 = Release|Win32
		{9944E8D0-DD22-4898-8281-F02DCA2F6265}.Debug|Win32.ActiveCfg = Debug|Win32
		{9944E8D0-DD22-4898-8281-F02DCA2F6265}.Debug|Win32.Build.0 = Debug|Win32
		{9944E8D0-DD22-4898-8281-F02DCA2F6265}.Release|Win32.ActiveCfg = Release|Win32
		{9944E8D0-DD22-4898-8281-F02DCA2F6265}.Release|Win32.Build.0 = Release|Win32
		{F75BCB91-6FBC-4498-8989-F5FF40131A3B}.Debug|Win32.ActiveCfg = Debug|Win32
		{F75BCB91-6FBC-4498-8989-F5FF40131A3B}.Debug|Win32.Build.0 = Debug|Win32
		{F75BCB91-6FBC-4498-8989-F5FF40131A3B}.Release|Win32.ActiveCfg = Release|Win32
		{F75BCB91-6FBC-4498-8989-F5FF40131A3B}.Release|Win32.Build.0 = Release|Win32
		{206D4D4A-433A-46B6-A1C1-E5375A0B69C7}.Debug|Win32.ActiveCfg = Debug|Win32
		{206D4D4A-433A-46B6-A1C1-E5375A0B69C7}.Debug|Win32.Build.0 = Debug|Win32
		{206D4D4A-433A-46B6-A1C1-E5375A0B69C7}.Release|Win32.ActiveCfg = Release|Win32
		{206D4D4A-433A-46B6-A1C1-E5375A0B69C7}.Release|Win32.Build.0 = Release|Win32
		{0CDB7401-0C38-4ABA-A73A-ED4E0442C40E}.Debug|Win32.ActiveCfg = Debug|Win32
		{0CDB7401-0C38-4ABA-A73A-ED4E0442C40E}.Debug|Win32.Build.0 = Debug|Win32
		{0CDB7401-0C38-4ABA-A73A-ED4E0442C40E}.Release|Win32.ActiveCfg = Release|Win32
		{0CDB7401-0C38-4ABA-A73A-ED4E0442C40E}.Release|Win32.Build.0 = Release|Win32
		{6BEEE6B1-B23F-4E97-8461-9CE22629B138}.Debug|Win32.ActiveCfg = Debug|Win32
		{6BEEE6B1-B23F-4E97-8461-9CE22629B138}.Debug|Win32.Build.0 = Debug|Win32
		{6BEEE6B1-B23F-4E97-8461-9CE22629B138}.Release|Win32.ActiveCfg = Release|Win32
		{6BEEE6B1-B23F-4E97-8461-9CE22629B138}.Release|Win32.Build.0 = Release|Win32
		{ABFC2D98-9D84-4F60-A8C2-AABD04B10BB6}.Debug|Win32.ActiveCfg = Debug|Win32
		{ABFC2D98-9D84-4F60-A8C2-AABD04B10BB6}.Debug|Win32.Build.0 = Debug|Win32
		{ABFC2D98-9D84-4F60-A8C2-AABD04B10BB6}.Release|Win32.ActiveCfg = Release|Win32
		{ABFC2D98-9D84-4F60-A8C2-AABD04B10BB6}.Release|Win32.Build.0 = Release|Win32
		{9052022A-0F3E-46FF-8657-9A520FE05104}.Debug|Win32.ActiveCfg = Debug|Win32
		{9052022A-0F3E-46FF-8657-9A520FE05104}.Debug|Win32.Build.0 = Debug|Win32
		{9052022A-0F3E-46FF-8657-9A520FE05104}.Release|Win32.ActiveCfg = Release|Win32
		{9052022A-0F3E-46FF-8657-9A520FE05104}.Release|Win32.Build.0 = Release|Win32
		{E2B951B0-0A87-4A5B-838D-C6DB4403169C}.Debug|Win32.ActiveCfg = Debug|Win32
		{E2B951B0-0A87-4A5B-838D-C6DB4403169C}.Debug|Win32.Build.0 = Debug|Win32
		{E2B951B0-0A87-4A5B-838D-C6DB4403169C}.Release|Win32.ActiveCfg = Release|Win32
		{E2B951B0-0A87-4A5B-838D-C6DB4403169C}.Release|Win32.Build.0 = Release|Win32
		{3C09A58F-CEC2-4035-9E64-5B4A2DDEBCBB}.Debug|Win32.ActiveCfg = Debug|Win32
		{3C09A58F-CEC2-4035-9E64-5B4A2DDEBCBB}.Debug|Win32.Build.0 = Debug|Win32
		{3C09A58F-CEC2-4035-9E64-5B4A2DDEBCBB}.Release|Win32.ActiveCfg = Release|Win32
		{3C09A58F-CEC2-4035-9E64-5B4A2DDEBCBB}.Release|Win32.Build.0 = Release|Win32
		{AD8A805C-D0A8-4103-AC7B-F9A5E20B94F1}.Debug|Win32.ActiveCfg = Debug|Win32
		{AD8A805C-D0A8-4103-AC7B-F9A5E20B94F1}.Debug|Win32.Build.0 = Debug|Win32
		{AD8A805C-D0A8-4103-AC7B-F9A5E20B94F1}.Release|Win32.ActiveCfg = Release|Win32
		{AD8A805C-D0A8-4103-AC7B-F9A5E20B94F1}.Release|Win32.Build.0 = Release|Win32
		{0DE7CD78-9D9A-4CC1-8774-9A6ADD69A5D6}.Debug|Win32.ActiveCfg = Debug|Win32
		{0DE7CD78-9D9A-4CC1-8774-9A6ADD69A5D6}.Debug|Win32.Build.0 = Debug|Win32
		{0DE7CD78-9D9A-4CC1-8774-9A6ADD69A5D6}.Release|Win32.ActiveCfg = Release|Win32
		{0DE7CD78-9D9A-4CC1-8774-9A6ADD69A5D6}.Release|Win32.Build.0 = Release|Win32
		{FE3B334D-37F0-469E-A60D-6AA8BD146014}.Debug|Win32.ActiveCfg = Debug|Win32
		{FE3B334D-37F0-469E-A60D-6AA8BD146014}.Debug|Win32.Build.0 = Debug|Win32
		{FE3B334D-37F0-469E-A60D-6AA8BD146014}.Release|Win32.ActiveCfg = Release|Win32
		{FE3B334D-37F0-469E-A60D-6AA8BD146014}.Release|Win32.Build.0 = Release|Win32
		{FDEE9588-3711-4CA8-A8D5-D5C6BBF29DB8}.Debug|Win32.ActiveCfg = Debug|Win32
		{FDEE9588-3711-4CA8-A8D5-D5C6BBF29DB8}.Debug|Win32.Build.0 = Debug|Win32
		{FDEE9588-3711-4CA8-A8D5-D5C6BBF29DB8}.Release|Win32.ActiveCfg = Release|Win32
		{FDEE9588-3711-4CA8-A8D5-D5C6BBF29DB8}.Release|Win32.Build.0 = Release|Win32
		{BCBABDD2-43E0-4BE7-8A23-AE89C7849320}.Debug|Win32.ActiveCfg = Debug|Win32
		{BCBABDD2-43E0-4BE7-8A23-AE89C7849320}.Debug|Win32.Build.0 = Debug|Win32
		{BCBABDD2-43E0-4BE7-8A23-AE89C7849320}.Release|Win32.ActiveCfg = Release|Win32
		{BCBABDD2-43E0-4BE7-8A23-AE89C7849320}.Release|Win32.Build.0 = Release|Win32
		{604BDA3B-2261-454B-AA15-C51DAC432F61}.Debug|Win32.ActiveCfg = Debug|Win32
		{604BDA3B-2261-454B-AA15-C51DAC432F61}.Debug|Win32.Build.0 = Debug|Win32
		{604BDA3B-2261-454B-AA15-C51DAC432F61}.Release|Win32.ActiveCfg = Release|Win32
		{604BDA3B-2261-454B-AA15-C51DAC432F61}.Release|Win32.Build.0 = Release|Win32
		{AB2959F8-545F-497E-99D9-CF26022BF5A0}.Debug|Win32.ActiveCfg = Debug|Win32
		{AB2959F8-545F-497E-99D9-CF26022BF5A0}.Debug|Win32.Build.0 = Debug|Win32
		{AB2959F8-545F-497E-99D9-CF26022BF5A0}.Release|Win32.ActiveCfg = Release|Win32
		{AB2959F8-545F-497E-99D9-CF26022BF5A0}.Release|Win32.Build.0 = Release|Win32
		{5A39CD55-D48B-4C45-81C9-F724B7CED0CB}.Debug|Win32.ActiveCfg = Debug|Win32
		{5A39CD55-D48B-4C45-81C9-F724B7CED0CB}.Debug|Win32.Build.0 = Debug|Win32
		{5A39CD55-D48B-4C45-81C9-F724B7CED0CB}.Release|Win32.ActiveCfg = Release|Win32
		{5A39CD55-D48B-4C45-81C9-F724B7CED0CB}.Release|Win32.Build.0 = Release|Win32
		{4E940D8E-C27B-4C4F-B691-87AD1DFD78A3}.Debug|Win32.ActiveCfg = Debug|Win32
		{4E940D8E-C27B-4C4F-B691-87AD1DFD78A3}.Debug|Win32.Build.0 = Debug|Win32
		{4E940D8E-C27B-4C4F-B691-87AD1DFD78A3}.Release|Win32.ActiveCfg = Release|Win32
		{4E940D8E-C27B-4C4F-B691-87AD1DFD78A3}.Release|Win32.Build.0 = Release|Win32
		{9B4877E8-E328-4D1F-95B9-8D2D234244F2}.Debug|Win32.ActiveCfg = Debug|Win32
		{9B4877E8-E328-4D1F-95B9-8D2D234244F2}.Debug|Win32.Build.0 = Debug|Win32
		{9B4877E8-E328-4D1F-95B9-8D2D234244F2}.Release|Win32.ActiveCfg = Release|Win32
		{9B4877E8-E328-4D1F-95B9-8D2D234244F2}.Release|Win32.Build.0 = Release|Win32
		{BA9C473C-BDC7-4295-BBD7-FE93DC94C4F0}.Debug|Win32.ActiveCfg = Debug|Win32
		{BA9C473C-BDC7-4295-BBD7-FE93DC94C4F0}.Debug|Win32.Build.0 = Debug|Win32
		{BA9C473C-BDC7-4295-BBD7-FE93DC94C4F0}.Release|Win32.ActiveCfg = Release|Win32
		{BA9C473C-BDC7-4295-BBD7-FE93DC94C4F0}.Release|Win32.Build.0 = Release|Win32
		{2970D285-1734-4AF9-996C-89B1D913F912}.Debug|Win32.ActiveCfg = Debug|Win32
		{2970D285-1734-4AF9-996C-89B1D913F912}.Debug|Win32.Build.0 = Debug|Win32
		{2970D285-1734-4AF9-996C-89B1D913F912}.Release|Win32.ActiveCfg = Release|Win32
		{2970D285-1734-4AF9-996C-89B1D913F912}.Release|Win32.Build.0 = Release|Win32
		{3758EA8E-241B-4969-BFCE-7EFB66BAB926}.Debug|Win32.ActiveCfg = Debug|Win32
		{3758EA8E-241B-4969-BFCE-7EFB66BAB926}.Debug|Win32.Build.0 = Debug|Win32
		{3758EA8E-241B-4969-BFCE-7EFB66BAB926}.Release|Win32.ActiveCfg = Release|Win32
		{3758EA8E-241B-4969-BFCE-7EFB66BAB926}.Release|Win32.Build.0 = Release|Win32
		{12BFF064-D2CA-4B60-8FAD-348724B8D234}.Debug|Win32.ActiveCfg = Debug|Win32
		{12BFF064-D2CA-4B60-8FAD-348724B8D234}.Debug|Win32.Build.0 = Debug|Win32
		{12BFF064-D2CA-4B60-8FAD-348724B8D234}.Release|Win32.ActiveCfg = Release|Win32
		{12BFF064-D2CA-4B60-8FAD-348724B8D234}.Release|Win32.Build.0 = Release|Win32
		{F0924992-888C-44A7-9FF2-9EAD0215B0EC}.Debug|Win32.ActiveCfg = Debug|Win32
		{F0924992-888C-44A7-9FF2-9EAD0215B0EC}.Debug|Win32.Build.0 = Debug|Win32
		{F0924992-888C-44A7-9FF2-9EAD0215B0EC}.Release|Win32.ActiveCfg = Release|Win32
		{F0924992-888C-44A7-9FF2-9EAD0215B0EC}.Release|Win32.Build.0 = Release|Win32
		{5953F285-FA3B-4C2F-A458-8FB565FCF008}.Debug|Win32.ActiveCfg = Debug|Win32
		{5953F285-FA3B-4C2F-A458-8FB565FCF008}.Debug|Win32.Build.0 = Debug|Win32
		{5953F285-FA3B-4C2F-A458-8FB565FCF008}.Release|Win32.ActiveCfg = Release|Win32
		{5953F285-FA3B-4C2F-A458-8FB565FCF008}.Release|Win32.Build.0 = Release|Win32
		{9BD41424-52E5-48AD-A5E1-FD785BD49316}.Debug|Win32.ActiveCfg = Debug|Win32
		{9BD41424-52E5-48AD-A5E1-FD785BD49316}.Debug|Win32.Build.0 = Debug|Win32
		{9BD41424-52E5-48AD-A5E1-FD785BD49316}.Release|Win32.ActiveCfg = Release|Win32
		{9BD41424-52E5-48AD-A5E1-FD785BD49316}.Release|Win32.Build.0 = Release|Win32
		{0B546F56-9332-4A55-AA64-5A05A5231ABF}.Debug|Win32.ActiveCfg = Debug|Win32
		{0B546F56-9332-4A55-AA64-5A05A5231ABF}.Debug|Win32.Build.0 = Debug|Win32
		{0B546F56-9332-4A55-AA64-5A05A5231ABF}.Release|Win32.ActiveCfg = Release|Win32
		{0B546F56-9332-4A55-AA64-5A05A5231ABF}.Release|Win32.Build.0 = Release|Win32
		{17253B66-4EB1-4173-A3BF-BF2042793629}.Debug|Win32.ActiveCfg = Debug|Win32
		{17253B66-4EB1-4173-A3BF-BF2042793629}.Debug|Win32.Build.0 = Debug|Win32
		{17253B66-4EB1-4173-A3BF-BF2042793629}.Release|Win32.ActiveCfg = Release|Win32
		{17253B66-4EB1-4173-A3BF-BF2042793629}.Release|Win32.Build.0 = Release|Win32
		{C0A3BFD2-6114-4E43-8D7A-16AA6DC1BCD5}.Debug|Win32.ActiveCfg = Debug|Win32
		{C0A3BFD2-6114-4E43-8D7A-16AA6DC1BCD5}.Debug|Win32.Build.0 = Debug|Win32
		{C0A3BFD2-6114-4E43-8D7A-16AA6DC1BCD5}.Release|Win32.ActiveCfg = Release|Win32
		{C0A3BFD2-6114-4E43-8D7A-16AA6DC1BCD5}.Release|Win32.Build.0 = Release|Win32
		{19588890-3589-4930-907F-89245B248688}.Debug|Win32.ActiveCfg = Debug|Win32
		{19588890-3589-4930-907F-89245B248688}.Debug|Win32.Build.0 = Debug|Win32
		{19588890-3589-4930-907F-89245B248688}.Release|Win32.ActiveCfg = Release|Win32
		{19588890-3589-4930-907F-89245B248688}.Release|Win32.Build.0 = Release|Win32
		{5F9621A7-9C6D-4224-9BE9-950D3F657083}.Debug|Win32.ActiveCfg = Debug|Win32
		{5F9621A7-9C6D-4224-9BE9-950D3F657083}.Debug|Win32.Build.0 = Debug|Win32
		{5F9621A7-9C6D-4224-9BE9-950D3F657083}.Release|Win32.ActiveCfg = Release|Win32
		{5F9621A7-9C6D-4224-9BE9-950D3F657083}.Release|Win32.Build.0 = Release|Win32
		{55E5695D-5016-42BB-97AC-FB854331A9E1}.Debug|Win32.ActiveCfg = Debug|Win32
		{55E5695D-5016-42BB-97AC-FB854331A9E1}.Debug|Win32.Build.0 = Debug|Win32
		{55E5695D-5016-42BB-97AC-FB854331A9E1}.Release|Win32.ActiveCfg = Release|Win32
		{55E5695D-5016-42BB-97AC-FB854331A9E1}.Release|Win32.Build.0 = Release|Win32
		{58A4DF31-ECB0-445C-9406-8B916B0B7F88}.Debug|Win32.ActiveCfg = Debug|Win32
		{58A4DF31-ECB0-445C-9406-8B916B0B7F88}.Debug|Win32.Build.0 = Debug|Win32
		{58A4DF31-ECB0-445C-9406-8B916B0B7F88}.Release|Win32.ActiveCfg = Release|Win32
		{58A4DF31-ECB0-445C-9406-8B916B0B7F88}.Release|Win32.Build.0 = Release|Win32
		{5289A3C5-1988-4628-8CF8-CCC93C55427B}.Debug|Win32.ActiveCfg = Debug|Win32
		{5289A3C5-1988-4628-8CF8-CCC93C55427B}.Debug|Win32.Build.0 = Debug|Win32
		{5289A3C5-1988-4628-8CF8-CCC93C55427B}.Release|Win32.ActiveCfg = Release|Win32
		{5289A3C5-1988-4628-8CF8-CCC93C55427B}.Release|Win32.Build.0 = Release|Win32
		{32EE3709-2B6D-42B7-AC91-9CD96739ACA5}.Debug|Win32.ActiveCfg = Debug|Win32
		{32EE3709-2B6D-42B7-AC91-9CD96739ACA5}.Debug|Win32.Build.0 = Debug|Win32
		{32EE3709-2B6D-42B7-AC91-9CD96739ACA5}.Release|Win32.ActiveCfg = Release|Win32
		{32EE3709-2B6D-42B7-AC91-9CD96739ACA5}.Release|Win32.Build.0 = Release|Win32
		{2408A0A4-71BB-4CB1-A8CE-89963D08FD7D}.Debug|Win32.ActiveCfg = Debug|Win32
		{2408A0A4-71BB-4CB1-A8CE-89963D08FD7D}.Debug|Win32.Build.0 = Debug|Win32
		{2408A0A4-71BB-4CB1-A8CE-89963D08FD7D}.Release|Win32.ActiveCfg = Release|Win32
		{2408A0A4-71BB-4CB1-A8CE-89963D08FD7D}.Release|Win32.Build.0 = Release|Win32
		{D977EBAE-C506-4D5A-828E-C30B55239D39}.Debug|Win32.ActiveCfg = Debug|Win32
		{D977EBAE-C506-4D5A-828E-C30B55239D39}.Debug|Win32.Build.0 = Debug|Win32
		{D977EBAE-C506-4D5A-828E-C30B55239D39}.Release|Win32.ActiveCfg = Release|Win32
		{D977EBAE-C506-4D5A-828E-C30B55239D39}.Release|Win32.Build.0 = Release|Win32
		{4B3B8DE9-E312-4A4E-84EA-37AB5A0C1033}.Debug|Win32.ActiveCfg = Debug|Win32
		{4B3B8DE9-E312-4A4E-84EA-37AB5A0C1033}.Debug|Win32.Build.0 = Debug|Win32
		{4B3B8DE9-E312-4A4E-84EA-37AB5A0C1033}.Release|Win32.ActiveCfg = Release|Win32
		{4B3B8DE9-E312-4A4E-84EA-37AB5A0C1033}.Release|Win32.Build.0 = Release|Win32
		{F04F2F03-3888-444E-A789-86C8E86AA7CA}.Debug|Win32.ActiveCfg = Debug|Win32
		{F04F2F03-3888-444E-A789-86C8E86AA7CA}.Debug|Win32.Build.0 = Debug|Win32
		{F04F2F03-3888-444E-A789-86C8E86AA7CA}.Release|Win32.ActiveCfg = Release|Win32
		{F04F2F03-3888-444E-A789-86C8E86AA7CA}.Release|Win32.Build.0 = Release|Win32
		{43F68F21-9D86-448A-BF13-559F545A6F62}.Debug|Win32.ActiveCfg = Debug|Win32
		{43F68F21-9D86-448A-BF13-559F545A6F62}.Debug|Win32.Build.0 = Debug|Win32
		{43F68F21-9D86-448A-BF13-559F545A6F62}.Release|Win32.ActiveCfg = Release|Win32
		{43F68F21-9D86-448A-BF13-559F545A6F62}.Release|Win32.Build.0 = Release|Win32
		{E31F92DD-6CA1-4289-BE04-0970E8DA3EFF}.Debug|Win32.ActiveCfg = Debug|Win32
		{E31F92DD-6CA1-4289-BE04-0970E8DA3EFF}.Debug|Win32.Build.0 = Debug|Win32
		{E31F92DD-6CA1-4289-BE04-0970E8DA3EFF}.Release|Win32.ActiveCfg = Release|Win32
		{E31F92DD-6CA1-4289-BE04-0970E8DA3EFF}.Release|Win32.Build.0 = Release|Win32
		{1956D950-ABBE-473A-94E1-7A673B946761}.Debug|Win32.ActiveCfg = Debug|Win32
		{1956D950-ABBE-473A-94E1-7A673B946761}.Debug|Win32.Build.0 = Debug|Win32
		{1956D950-ABBE-473A-94E1-7A673B946761}.Release|Win32.ActiveCfg = Release|Win32
		{1956D950-ABBE-473A-94E1-7A673B946761}.Release|Win32.Build.0 = Release|Win32
		{37E1CBCC-039F-438F-B4E8-798F71AE1688}.Debug|Win32.ActiveCfg = Debug|Win32
		{37E1CBCC-039F-438F-B4E8-798F71AE1688}.Debug|Win32.Build.0 = Debug|Win32
		{37E1CBCC-039F-438F-B4E8-798F71AE1688}.Release|Win32.ActiveCfg = Release|Win32
		{37E1CBCC-039F-438F-B4E8-798F71AE1688}.Release|Win32.Build.0 = Release|Win32
		{41924756-77CD-4C64-8ACE-981D860DF400}.Debug|Win32.ActiveCfg = Debug|Win32
		{41924756-77CD-4C64-8ACE-981D860DF400}.Debug|Win32.Build.0 = Debug|Win32
		{41924756-77CD-4C64-8ACE-981D860DF400}.Release|Win32.ActiveCfg = Release|Win32
		{41924756-77CD-4C64-8ACE-981D860DF400}.Release|Win32.Build.0 = Release|Win32
		{C2B9195B-3AFC-4B15-B398-B273DC6EC987}.Debug|Win32.ActiveCfg = Debug|Win32
		{C2B9195B-3AFC-4B15-B398-B273DC6EC987}.Debug|Win32.Build.0 = Debug|Win32
		{C2B9195B-3AFC-4B15-B398-B273DC6EC987}.Release|Win32.ActiveCfg = Release|Win32
		{C2B9195B-3AFC-4B15-B398-B273DC6EC987}.Release|Win32.Build.0 = Release|Win32
		{8B512117-BE72-49B8-B0D0-AA6F955CE387}.Debug|Win32.ActiveCfg = Debug|Win32
		{8B512117-BE72-49B8-B0D0-AA6F955CE387}.Debug|Win32.Build.0 = Debug|Win32
		{8B512117-BE72-49B8-B0D0-AA6F955CE387}.Release|Win32.ActiveCfg = Release|Win32
		{8B512117-BE72-49B8-B0D0-AA6F955CE387}.Release|Win32.Build.0 = Release|Win32
		{1D1398D3-4C41-4F36-9BBC-FAC1D5115227}.Debug|Win32.ActiveCfg = Debug|Win32
		{1D1398D3-4C41-4F36-9BBC-FAC1D5115227}.Debug|Win32.Build.0 = Debug|Win32
		{1D1398D3-4C41-4F36-9BBC-FAC1D5115227}.Release|Win32.ActiveCfg = Release|Win32
		{1D1398D3-4C41-4F36-9BBC-FAC1D5115227}.Release|Win32.Build.0 = Release|Win32
		{FE29F132-9EC3-477D-B17A-4E5E88B0E79B}.Debug|Win32.ActiveCfg = Debug|Win32
		{FE29F132-9EC3-477D-B17A-4E5E88B0E79B}.Debug|Win32.Build.0 = Debug|Win32
		{FE29F132-9EC3-477D-B17A-4E5E88B0E79B}.Release|Win32.ActiveCfg = Release|Win32
		{FE29F132-9EC3-477D-B17A-4E5E88B0E79B}.Release|Win32.Build.0 = Release|Win32
		{F6704ECB-F5B9-48C7-9891-FAFECB908120}.Debug|Win32.ActiveCfg = Debug|Win32
		{F6704ECB-F5B9-48C7-9891-FAFECB908120}.Debug|Win32.Build.0 = Debug|Win32
		{F6704ECB-F5B9-48C7-9891-FAFECB908120}.Release|Win32.ActiveCfg = Release|Win32
		{F6704ECB-F5B9-48C7-9891-FAFECB908120}.Release|Win32.Build.0 = Release|Win32
		{07E257F9-7695-4E58-B37B-10BF24BB4BB5}.Debug|Win32.ActiveCfg = Debug|Win32
		{07E257F9-7695-4E58-B37B-10BF24BB4BB5}.Debug|Win32.Build.0 = Debug|Win32
		{07E257F9-7695-4E58-B37B-10BF24BB4BB5}.Release|Win32.ActiveCfg = Release|Win32
		{07E257F9-7695-4E58-B37B-10BF24BB4BB5}.Release|Win32.Build.0 = Release|Win32
		{1CE5F037-7F25-4D19-AD85-358460D4A313}.Debug|Win32.ActiveCfg = Debug|Win32
		{1CE5F037-7F25-4D19-AD85-358460D4A313}.Debug|Win32.Build.0 = Debug|Win32
		{1CE5F037-7F25-4D19-AD85-358460D4A313}.Release|Win32.ActiveCfg = Release|Win32
		{1CE5F037-7F25-4D19-AD85-358460D4A313}.Release|Win32.Build.0 = Release|Win32
		{E9CAAE69-5EB6-4289-98F5-53D8C8D8092D}.Debug|Win32.ActiveCfg = Debug|Win32
		{E9CAAE69-5EB6-4289-98F5-53D8C8D8092D}.Debug|Win32.Build.0 = Debug|Win32
		{E9CAAE69-5EB6-4289-98F5-53D8C8D8092D}.Release|Win32.ActiveCfg = Release|Win32
		{E9CAAE69-5EB6-4289-98F5-53D8C8D8092D}.Release|Win32.Build.0 = Release|Win32
		{18AE836B-B534-4FA9-8A86-396B34DB8BF6}.Debug|Win32.ActiveCfg = Debug|Win32
		{18AE836B-B534-4FA9-8A86-396B34DB8BF6}.Debug|Win32.Build.0 = Debug|Win32
		{18AE836B-B534-4FA9-8A86-396B34DB8BF6}.Release|Win32.ActiveCfg = Release|Win32
		{18AE836B-B534-4FA9-8A86-396B34DB8BF6}.Release|Win32.Build.0 = Release|Win32
		{8030B195-24C5-43D4-AB55-8EB7542A979B}.Debug|Win32.ActiveCfg = Debug|Win32
		{8030B195-24C5-43D4-AB55-8EB7542A979B}.Debug|Win32.Build.0 = Debug|Win32
		{8030B195-24C5-43D4-AB55-8EB7542A979B}.Release|Win32.ActiveCfg = Release|Win32
		{8030B195-24C5-43D4-AB55-8EB7542A979B}.Release|Win32.Build.0 = Release|Win32
		{01A665FA-2537-4E39-B915-AEC7802CDEED}.Debug|Win32.ActiveCfg = Debug|Win32
		{01A665FA-2537-4E39-B915-AEC7802CDEED}.Debug|Win32.Build.0 = Debug|Win32
		{01A665FA-2537-4E39-B915-AEC7802CDEED}.Release|Win32.ActiveCfg = Release|Win32
		{01A665FA-2537-4E39-B915-AEC7802CDEED}.Release|Win32.Build.0 = Release|Win32
		{786C071A-1976-4980-87CD-ED427E922420}.Debug|Win32.ActiveCfg = Debug|Win32
		{786C071A-1976-4980-87CD-ED427E922420}.Debug|Win32.Build.0 = Debug|Win32
		{786C071A-1976-4980-87CD-ED427E922420}.Release|Win32.ActiveCfg = Release|Win32
		{786C071A-1976-4980-87CD-ED427E922420}.Release|Win32.Build.0 = Release|Win32
		{D9826ABA-20D2-487E-924B-33F26513EC3D}.Debug|Win32.ActiveCfg = Debug|Win32
		{D9826ABA-20D2-487E-924B-33F26513EC3D}.Debug|Win32.Build.0 = Debug|Win32
		{D9826ABA-20D2-487E-924B-33F26513EC3D}.Release|Win32.ActiveCfg = Release|Win32
		{D9826ABA-20D2-487E-924B-33F26513EC3D}.Release|Win32.Build.0 = Release|Win32
		{07B64A3B-B657-4B95-ABD4-D19D34BC0E01}.Debug|Win32.ActiveCfg = Debug|Win32
		{07B64A3B-B657-4B95-ABD4-D19D34BC0E01}.Debug|Win32.Build.0 = Debug|Win32
		{07B64A3B-B657-4B95-ABD4-D19D34BC0E01}.Release|Win32.ActiveCfg = Release|Win32
		{07B64A3B-B657-4B95-ABD4-D19D34BC0E01}.Release|Win32.Build.0 = Release|Win32
		{CF5D0D6F-71A5-4C97-8F7B-C06EF412145B}.Debug|Win32.ActiveCfg = Debug|Win32
		{CF5D0D6F-71A5-4C97-8F7B-C06EF412145B}.Debug|Win32.Build.0 = Debug|Win32
		{CF5D0D6F-71A5-4C97-8F7B-C06EF412145B}.Release|Win32.ActiveCfg = Release|Win32
		{CF5D0D6F-71A5-4C97-8F7B-C06EF412145B}.Release|Win32.Build.0 = Release|Win32
		{01FFE0E2-C899-47D4-931F-9F8C597BAB21}.Debug|Win32.ActiveCfg = Debug|Win32
		{01FFE0E2-C899-47D4-931F-9F8C597BAB21}.Debug|Win32.Build.0 = Debug|Win32
		{01FFE0E2-C899-47D4-931F-9F8C597BAB21}.Release|Win32.ActiveCfg = Release|Win32
		{01FFE0E2-C899-47D4-931F-9F8C597BAB21}.Release|Win32.Build.0 = Release|Win32
		{FFB6C5AF-DE34-4207-B018-F5122B7895F4}.Debug|Win32.ActiveCfg = Debug|Win32
		{FFB6C5AF-DE34-4207-B018-F5122B7895F4}.Debug|Win32.Build.0 = Debug|Win32
		{FFB6C5AF-DE34-4207-B018-F5122B7895F4}.Release|Win32.ActiveCfg = Release|Win32
		{FFB6C5AF-DE34-4207-B018-F5122B7895F4}.Release|Win32.Build.0 = Release|Win32
		{2ACFA567-0F1E-4270-AC3E-45A8702D5F0E}.Debug|Win32.ActiveCfg = Debug|Win32
		{2ACFA567-0F1E-4270-AC3E-45A8702D5F0E}.Debug|Win32.Build.0 = Debug|Win32
		{2ACFA567-0F1E-4270-AC3E-45A8702D5F0E}.Release|Win32.ActiveCfg = Release|Win32
		{2ACFA567-0F1E-4270-AC3E-45A8702D5F0E}.Release|Win32.Build.0 = Release|Win32
		{5B45C8A0-445F-443D-9555-8ADAB8F49D89}.Debug|Win32.ActiveCfg = Debug|Win32
		{5B45C8A0-445F-443D-9555-8ADAB8F49D89}.Debug|Win32.Build.0 = Debug|Win32
		{5B45C8A0-445F-443D-9555-8ADAB8F49D89}.Release|Win32.ActiveCfg = Release|Win32
		{5B45C8A0-445F-443D-9555-8ADAB8F49D89}.Release|Win32.Build.0 = Release|Win32
		{C4AE68C0-A731-4840-8710-0E57DAF10BE9}.Debug|Win32.ActiveCfg = Debug|Win32
		{C4AE68C0-A731-4840-8710-0E57DAF10BE9}.Debug|Win32.Build.0 = Debug|Win32
		{C4AE68C0-A731-4840-8710-0E57DAF10BE9}.Release|Win32.ActiveCfg = Release|Win32
		{C4AE68C0-A731-4840-8710-0E57DAF10BE9}.Release|Win32.Build.0 = Release|Win32
		{DE1A5474-500D-4E68-A808-76D49BB445A4}.Debug|Win32.ActiveCfg = Debug|Win32
		{DE1A5474-500D-4E68-A808-76D49BB445A4}.Debug|Win32.Build.0 = Debug|Win32
		{DE1A5474-500D-4E68-A808-76D49BB445A4}.Release|Win32.ActiveCfg = Release|Win32
		{DE1A5474-500D-4E68-A808-76D49BB445A4}.Release|Win32.Build.0 = Release|Win32
		{F3A91A6E-B5D8-4701-BEC2-6C96D8F534EE}.Debug|Win32.ActiveCfg = Debug|Win32
		{F3A91A6E-B5D8-4701-BEC2-6C96D8F534EE}.Debug|Win32.Build.0 = Debug|Win32
		{F3A91A6E-B5D8-4701-BEC2-6C96D8F534EE}.Release|Win32.ActiveCfg = Release|Win32
		{F3A91A6E-B5D8-4701-BEC2-6C96D8F534EE}.Release|Win32.Build.0 = Release|Win32
		{8D5C8208-9ED6-432B-870E-E2503D8EB7C5}.Debug|Win32.ActiveCfg = Debug|Win32
		{8D5C8208-9ED6-432B-870E-E2503D8EB7C5}.Debug|Win32.Build.0 = Debug|Win32
		{8D5C8208-9ED6-432B-870E-E2503D8EB7C5}.Release|Win32.ActiveCfg = Release|Win32
		{8D5C8208-9ED6-432B-870E-E2503D8EB7C5}.Release|Win32.Build.0 = Release|Win32
		{1BBA54B7-DFDD-473E-8C30-38C45106B163}.Debug|Win32.ActiveCfg = Debug|Win32
		{1BBA54B7-DFDD-473E-8C30-38C45106B163}.Debug|Win32.Build.0 = Debug|Win32
		{1BBA54B7-DFDD-473E-8C30-38C45106B163}.Release|Win32.ActiveCfg = Release|Win32
		{1BBA54B7-DFDD-473E-8C30-38C45106B163}.Release|Win32.Build.0 = Release|Win32
		{DDC9E1A9-0180-44B0-9CAF-D2F232D05FAE}.Debug|Win32.ActiveCfg = Debug|Win32
		{DDC9E1A9-0180-44B0-9CAF-D2F232D05FAE}.Debug|Win32.Build.0 = Debug|Win32
		{DDC9E1A9-0180-44B0-9CAF-D2F232D05FAE}.Release|Win32.ActiveCfg = Release|Win32
		{DDC9E1A9-0180-44B0-9CAF-D2F232D05FAE}.Release|Win32.Build.0 = Release|Win32
		{F0205533-18B0-4657-892F-B0F186075711}.Debug|Win32.ActiveCfg = Debug|Win32
		{F0205533-18B0-4657-892F-B0F186075711}.Debug|Win32.Build.0 = Debug|Win32
		{F0205533-18B0-4657-892F-B0F186075711}.Release|Win32.ActiveCfg = Release|Win32
		{F0205533-18B0-4657-892F-B0F186075711}.Release|Win32.Build.0 = Release|Win32
		{F4585F2B-FF7E-4A8F-BA84-70456C306B7F}.Debug|Win32.ActiveCfg = Debug|Win32
		{F4585F2B-FF7E-4A8F-BA84-70456C306B7F}.Debug|Win32.Build.0 = Debug|Win32
		{F4585F2B-FF7E-4A8F-BA84-70456C306B7F}.Release|Win32.ActiveCfg = Release|Win32
		{F4585F2B-FF7E-4A8F-BA84-70456C306B7F}.Release|Win32.Build.0 = Release|Win32
		{B4EBC10F-650D-4574-A278-7815F448384B}.Debug|Win32.ActiveCfg = Debug|Win32
		{B4EBC10F-650D-4574-A278-7815F448384B}.Debug|Win32.Build.0 = Debug|Win32
		{B4EBC10F-650D-4574-A278-7815F448384B}.Release|Win32.ActiveCfg = Release|Win32
		{B4EBC10F-650D-4574-A278-7815F448384B}.Release|Win32.Build.0 = Release|Win32
	EndGlobalSection
	GlobalSection(SolutionProperties) = preSolution
		HideSolutionNode = FALSE
	EndGlobalSection
EndGlobal
